
Microsoft Visual Studio Solution File, Format Version 12.00
# Visual Studio 15
VisualStudioVersion = 15.0.27130.2027
MinimumVisualStudioVersion = 10.0.40219.1
Project("{FAE04EC0-301F-11D3-BF4B-00C04F79EFBC}") = "DepartmentDesktop", "DepartmentDesktop\DepartmentDesktop.csproj", "{E7AFE5A3-0A16-45FA-B89F-1C4103218AAE}"
EndProject
Project("{FAE04EC0-301F-11D3-BF4B-00C04F79EFBC}") = "DepartmentService", "DepartmentService\DepartmentService.csproj", "{CFADD84C-FC9E-4BA7-851E-C6A8924AA5F7}"
EndProject
Project("{FAE04EC0-301F-11D3-BF4B-00C04F79EFBC}") = "DepartmentModel", "DepartmentModel\DepartmentModel.csproj", "{CDF98BDC-D831-44D1-8348-146219F42D2C}"
EndProject
Project("{FAE04EC0-301F-11D3-BF4B-00C04F79EFBC}") = "DepartmentWeb", "DepartmentWeb\DepartmentWeb.csproj", "{D17D50AE-00E8-4CB3-B403-42C554D0A1FC}"
EndProject
Project("{2150E333-8FDC-42A3-9474-1A3956D46DE8}") = "SheduleComponent", "SheduleComponent", "{3362AE79-F705-45B9-97EB-19FB7372BD83}"
EndProject
Project("{FAE04EC0-301F-11D3-BF4B-00C04F79EFBC}") = "SheduleModel", "SheduleModel\SheduleModel.csproj", "{C7D82825-16CE-4DBB-AAD2-25751E8CC1B1}"
EndProject
Project("{FAE04EC0-301F-11D3-BF4B-00C04F79EFBC}") = "WebApplicationAuthTest", "WebApplicationAuthTest\WebApplicationAuthTest.csproj", "{926D8DB8-D5B5-4B7B-A8DD-4074CA0DEC65}"
EndProject
Global
	GlobalSection(SolutionConfigurationPlatforms) = preSolution
		Debug|Any CPU = Debug|Any CPU
		Debug|ARM = Debug|ARM
		Debug|x64 = Debug|x64
		Debug|x86 = Debug|x86
		Release|Any CPU = Release|Any CPU
		Release|ARM = Release|ARM
		Release|x64 = Release|x64
		Release|x86 = Release|x86
	EndGlobalSection
	GlobalSection(ProjectConfigurationPlatforms) = postSolution
		{E7AFE5A3-0A16-45FA-B89F-1C4103218AAE}.Debug|Any CPU.ActiveCfg = Debug|Any CPU
		{E7AFE5A3-0A16-45FA-B89F-1C4103218AAE}.Debug|Any CPU.Build.0 = Debug|Any CPU
		{E7AFE5A3-0A16-45FA-B89F-1C4103218AAE}.Debug|ARM.ActiveCfg = Debug|Any CPU
		{E7AFE5A3-0A16-45FA-B89F-1C4103218AAE}.Debug|ARM.Build.0 = Debug|Any CPU
		{E7AFE5A3-0A16-45FA-B89F-1C4103218AAE}.Debug|x64.ActiveCfg = Debug|Any CPU
		{E7AFE5A3-0A16-45FA-B89F-1C4103218AAE}.Debug|x64.Build.0 = Debug|Any CPU
		{E7AFE5A3-0A16-45FA-B89F-1C4103218AAE}.Debug|x86.ActiveCfg = Debug|Any CPU
		{E7AFE5A3-0A16-45FA-B89F-1C4103218AAE}.Debug|x86.Build.0 = Debug|Any CPU
		{E7AFE5A3-0A16-45FA-B89F-1C4103218AAE}.Release|Any CPU.ActiveCfg = Release|Any CPU
		{E7AFE5A3-0A16-45FA-B89F-1C4103218AAE}.Release|Any CPU.Build.0 = Release|Any CPU
		{E7AFE5A3-0A16-45FA-B89F-1C4103218AAE}.Release|ARM.ActiveCfg = Release|Any CPU
		{E7AFE5A3-0A16-45FA-B89F-1C4103218AAE}.Release|ARM.Build.0 = Release|Any CPU
		{E7AFE5A3-0A16-45FA-B89F-1C4103218AAE}.Release|x64.ActiveCfg = Release|Any CPU
		{E7AFE5A3-0A16-45FA-B89F-1C4103218AAE}.Release|x64.Build.0 = Release|Any CPU
		{E7AFE5A3-0A16-45FA-B89F-1C4103218AAE}.Release|x86.ActiveCfg = Release|Any CPU
		{E7AFE5A3-0A16-45FA-B89F-1C4103218AAE}.Release|x86.Build.0 = Release|Any CPU
		{CFADD84C-FC9E-4BA7-851E-C6A8924AA5F7}.Debug|Any CPU.ActiveCfg = Debug|Any CPU
		{CFADD84C-FC9E-4BA7-851E-C6A8924AA5F7}.Debug|Any CPU.Build.0 = Debug|Any CPU
		{CFADD84C-FC9E-4BA7-851E-C6A8924AA5F7}.Debug|ARM.ActiveCfg = Debug|Any CPU
		{CFADD84C-FC9E-4BA7-851E-C6A8924AA5F7}.Debug|ARM.Build.0 = Debug|Any CPU
		{CFADD84C-FC9E-4BA7-851E-C6A8924AA5F7}.Debug|x64.ActiveCfg = Debug|Any CPU
		{CFADD84C-FC9E-4BA7-851E-C6A8924AA5F7}.Debug|x64.Build.0 = Debug|Any CPU
		{CFADD84C-FC9E-4BA7-851E-C6A8924AA5F7}.Debug|x86.ActiveCfg = Debug|Any CPU
		{CFADD84C-FC9E-4BA7-851E-C6A8924AA5F7}.Debug|x86.Build.0 = Debug|Any CPU
		{CFADD84C-FC9E-4BA7-851E-C6A8924AA5F7}.Release|Any CPU.ActiveCfg = Release|Any CPU
		{CFADD84C-FC9E-4BA7-851E-C6A8924AA5F7}.Release|Any CPU.Build.0 = Release|Any CPU
		{CFADD84C-FC9E-4BA7-851E-C6A8924AA5F7}.Release|ARM.ActiveCfg = Release|Any CPU
		{CFADD84C-FC9E-4BA7-851E-C6A8924AA5F7}.Release|ARM.Build.0 = Release|Any CPU
		{CFADD84C-FC9E-4BA7-851E-C6A8924AA5F7}.Release|x64.ActiveCfg = Release|Any CPU
		{CFADD84C-FC9E-4BA7-851E-C6A8924AA5F7}.Release|x64.Build.0 = Release|Any CPU
		{CFADD84C-FC9E-4BA7-851E-C6A8924AA5F7}.Release|x86.ActiveCfg = Release|Any CPU
		{CFADD84C-FC9E-4BA7-851E-C6A8924AA5F7}.Release|x86.Build.0 = Release|Any CPU
		{CDF98BDC-D831-44D1-8348-146219F42D2C}.Debug|Any CPU.ActiveCfg = Debug|Any CPU
		{CDF98BDC-D831-44D1-8348-146219F42D2C}.Debug|Any CPU.Build.0 = Debug|Any CPU
		{CDF98BDC-D831-44D1-8348-146219F42D2C}.Debug|ARM.ActiveCfg = Debug|Any CPU
		{CDF98BDC-D831-44D1-8348-146219F42D2C}.Debug|ARM.Build.0 = Debug|Any CPU
		{CDF98BDC-D831-44D1-8348-146219F42D2C}.Debug|x64.ActiveCfg = Debug|Any CPU
		{CDF98BDC-D831-44D1-8348-146219F42D2C}.Debug|x64.Build.0 = Debug|Any CPU
		{CDF98BDC-D831-44D1-8348-146219F42D2C}.Debug|x86.ActiveCfg = Debug|Any CPU
		{CDF98BDC-D831-44D1-8348-146219F42D2C}.Debug|x86.Build.0 = Debug|Any CPU
		{CDF98BDC-D831-44D1-8348-146219F42D2C}.Release|Any CPU.ActiveCfg = Release|Any CPU
		{CDF98BDC-D831-44D1-8348-146219F42D2C}.Release|Any CPU.Build.0 = Release|Any CPU
		{D17D50AE-00E8-4CB3-B403-42C554D0A1FC}.Debug|Any CPU.ActiveCfg = Debug|Any CPU
		{D17D50AE-00E8-4CB3-B403-42C554D0A1FC}.Debug|Any CPU.Build.0 = Debug|Any CPU
		{D17D50AE-00E8-4CB3-B403-42C554D0A1FC}.Release|Any CPU.ActiveCfg = Release|Any CPU
		{D17D50AE-00E8-4CB3-B403-42C554D0A1FC}.Release|Any CPU.Build.0 = Release|Any CPU
		{CDF98BDC-D831-44D1-8348-146219F42D2C}.Release|ARM.ActiveCfg = Release|Any CPU
		{CDF98BDC-D831-44D1-8348-146219F42D2C}.Release|ARM.Build.0 = Release|Any CPU
		{CDF98BDC-D831-44D1-8348-146219F42D2C}.Release|x64.ActiveCfg = Release|Any CPU
		{CDF98BDC-D831-44D1-8348-146219F42D2C}.Release|x64.Build.0 = Release|Any CPU
		{CDF98BDC-D831-44D1-8348-146219F42D2C}.Release|x86.ActiveCfg = Release|Any CPU
		{CDF98BDC-D831-44D1-8348-146219F42D2C}.Release|x86.Build.0 = Release|Any CPU
		{C7D82825-16CE-4DBB-AAD2-25751E8CC1B1}.Debug|Any CPU.ActiveCfg = Debug|Any CPU
		{C7D82825-16CE-4DBB-AAD2-25751E8CC1B1}.Debug|Any CPU.Build.0 = Debug|Any CPU
		{C7D82825-16CE-4DBB-AAD2-25751E8CC1B1}.Debug|ARM.ActiveCfg = Debug|ARM
		{C7D82825-16CE-4DBB-AAD2-25751E8CC1B1}.Debug|ARM.Build.0 = Debug|ARM
		{C7D82825-16CE-4DBB-AAD2-25751E8CC1B1}.Debug|x64.ActiveCfg = Debug|x64
		{C7D82825-16CE-4DBB-AAD2-25751E8CC1B1}.Debug|x64.Build.0 = Debug|x64
		{C7D82825-16CE-4DBB-AAD2-25751E8CC1B1}.Debug|x86.ActiveCfg = Debug|x86
		{C7D82825-16CE-4DBB-AAD2-25751E8CC1B1}.Debug|x86.Build.0 = Debug|x86
		{C7D82825-16CE-4DBB-AAD2-25751E8CC1B1}.Release|Any CPU.ActiveCfg = Release|Any CPU
		{C7D82825-16CE-4DBB-AAD2-25751E8CC1B1}.Release|Any CPU.Build.0 = Release|Any CPU
		{C7D82825-16CE-4DBB-AAD2-25751E8CC1B1}.Release|ARM.ActiveCfg = Release|ARM
		{C7D82825-16CE-4DBB-AAD2-25751E8CC1B1}.Release|ARM.Build.0 = Release|ARM
		{C7D82825-16CE-4DBB-AAD2-25751E8CC1B1}.Release|x64.ActiveCfg = Release|x64
		{C7D82825-16CE-4DBB-AAD2-25751E8CC1B1}.Release|x64.Build.0 = Release|x64
		{C7D82825-16CE-4DBB-AAD2-25751E8CC1B1}.Release|x86.ActiveCfg = Release|x86
		{C7D82825-16CE-4DBB-AAD2-25751E8CC1B1}.Release|x86.Build.0 = Release|x86
		{926D8DB8-D5B5-4B7B-A8DD-4074CA0DEC65}.Debug|Any CPU.ActiveCfg = Debug|Any CPU
		{926D8DB8-D5B5-4B7B-A8DD-4074CA0DEC65}.Debug|Any CPU.Build.0 = Debug|Any CPU
		{926D8DB8-D5B5-4B7B-A8DD-4074CA0DEC65}.Debug|ARM.ActiveCfg = Debug|Any CPU
		{926D8DB8-D5B5-4B7B-A8DD-4074CA0DEC65}.Debug|ARM.Build.0 = Debug|Any CPU
		{926D8DB8-D5B5-4B7B-A8DD-4074CA0DEC65}.Debug|x64.ActiveCfg = Debug|Any CPU
		{926D8DB8-D5B5-4B7B-A8DD-4074CA0DEC65}.Debug|x64.Build.0 = Debug|Any CPU
		{926D8DB8-D5B5-4B7B-A8DD-4074CA0DEC65}.Debug|x86.ActiveCfg = Debug|Any CPU
		{926D8DB8-D5B5-4B7B-A8DD-4074CA0DEC65}.Debug|x86.Build.0 = Debug|Any CPU
		{926D8DB8-D5B5-4B7B-A8DD-4074CA0DEC65}.Release|Any CPU.ActiveCfg = Release|Any CPU
		{926D8DB8-D5B5-4B7B-A8DD-4074CA0DEC65}.Release|Any CPU.Build.0 = Release|Any CPU
		{926D8DB8-D5B5-4B7B-A8DD-4074CA0DEC65}.Release|ARM.ActiveCfg = Release|Any CPU
		{926D8DB8-D5B5-4B7B-A8DD-4074CA0DEC65}.Release|ARM.Build.0 = Release|Any CPU
		{926D8DB8-D5B5-4B7B-A8DD-4074CA0DEC65}.Release|x64.ActiveCfg = Release|Any CPU
		{926D8DB8-D5B5-4B7B-A8DD-4074CA0DEC65}.Release|x64.Build.0 = Release|Any CPU
		{926D8DB8-D5B5-4B7B-A8DD-4074CA0DEC65}.Release|x86.ActiveCfg = Release|Any CPU
		{926D8DB8-D5B5-4B7B-A8DD-4074CA0DEC65}.Release|x86.Build.0 = Release|Any CPU
	EndGlobalSection
	GlobalSection(SolutionProperties) = preSolution
		HideSolutionNode = FALSE
	EndGlobalSection
	GlobalSection(NestedProjects) = preSolution
		{C7D82825-16CE-4DBB-AAD2-25751E8CC1B1} = {3362AE79-F705-45B9-97EB-19FB7372BD83}
	EndGlobalSection
	GlobalSection(ExtensibilityGlobals) = postSolution
		SolutionGuid = {DD70DF74-4FDA-48C1-8C85-D1B0880CFFFE}
	EndGlobalSection
EndGlobal
