
Microsoft Visual Studio Solution File, Format Version 12.00
# Visual Studio 15
VisualStudioVersion = 15.0.28307.757
MinimumVisualStudioVersion = 10.0.40219.1
Project("{FAE04EC0-301F-11D3-BF4B-00C04F79EFBC}") = "DepartmentWeb", "DepartmentWeb\DepartmentWeb.csproj", "{D17D50AE-00E8-4CB3-B403-42C554D0A1FC}"
EndProject
Project("{FAE04EC0-301F-11D3-BF4B-00C04F79EFBC}") = "DepartmentDesktop", "DepartmentDesktop\DepartmentDesktop.csproj", "{E7AFE5A3-0A16-45FA-B89F-1C4103218AAE}"
EndProject
Project("{FAE04EC0-301F-11D3-BF4B-00C04F79EFBC}") = "DepartmentTablet", "DepartmentTablet\DepartmentTablet.csproj", "{6B3016D0-4F7D-4B1C-99A9-1D7F64626E89}"
EndProject
Project("{FAE04EC0-301F-11D3-BF4B-00C04F79EFBC}") = "DepartmentUniversalTablet", "DepartmentUniversalTablet\DepartmentUniversalTablet.csproj", "{1DB13F83-C317-42A8-8FC9-13D6346AA96C}"
EndProject
Project("{2150E333-8FDC-42A3-9474-1A3956D46DE8}") = "Core", "Core", "{84CE3BD5-DF6E-440B-A88C-19AA396A2FDC}"
EndProject
Project("{2150E333-8FDC-42A3-9474-1A3956D46DE8}") = "AcademicYear", "AcademicYear", "{D3B6AB42-14A1-4FF3-B2BB-AB397EE657FB}"
EndProject
Project("{2150E333-8FDC-42A3-9474-1A3956D46DE8}") = "Authentication", "Authentication", "{356D8E26-8DAD-4414-BFF1-F84E3E1D840E}"
EndProject
Project("{9A19103F-16F7-4668-BE54-9A1E7A4F7556}") = "AuthenticationInterfaces", "Authentication\AuthenticationInterfaces\AuthenticationInterfaces.csproj", "{5A871E8A-69FF-4338-A42F-30305B18FAE9}"
EndProject
Project("{9A19103F-16F7-4668-BE54-9A1E7A4F7556}") = "AuthenticationImplementations", "Authentication\AuthenticationImplementations\AuthenticationImplementations.csproj", "{CB43BDB1-2FD8-4180-90B8-E83E4CDBE55A}"
EndProject
Project("{FAE04EC0-301F-11D3-BF4B-00C04F79EFBC}") = "AuthenticationControlsAndForms", "Authentication\AuthenticationControlsAndForms\AuthenticationControlsAndForms.csproj", "{9388A4CB-D45C-495A-AC54-0D40116AC1A2}"
EndProject
Project("{2150E333-8FDC-42A3-9474-1A3956D46DE8}") = "Schedule", "Schedule", "{E63722DB-F1D7-4CFE-903B-D3D1320E118B}"
EndProject
Project("{2150E333-8FDC-42A3-9474-1A3956D46DE8}") = "Base", "Base", "{C682C0AA-AF48-4848-A44F-949DD7D5607F}"
EndProject
Project("{9A19103F-16F7-4668-BE54-9A1E7A4F7556}") = "Models", "Core\Models\Models.csproj", "{448538B9-DD05-44E4-BB1A-E367414BDA97}"
EndProject
Project("{2150E333-8FDC-42A3-9474-1A3956D46DE8}") = "Database", "Database", "{BED8DD7A-AA8A-483F-98F7-F300EB964963}"
EndProject
Project("{9A19103F-16F7-4668-BE54-9A1E7A4F7556}") = "ConsoleMigrationApp", "Database\ConsoleMigrationApp\ConsoleMigrationApp.csproj", "{E9104692-C928-46A5-B01D-C3E48D9F87C9}"
EndProject
Project("{9A19103F-16F7-4668-BE54-9A1E7A4F7556}") = "DatabaseContext", "Database\DatabaseContext\DatabaseContext.csproj", "{93F49A76-4D66-42BB-89F4-31CCC2B2C9FA}"
EndProject
Project("{9A19103F-16F7-4668-BE54-9A1E7A4F7556}") = "Tools", "Database\Tools\Tools.csproj", "{F240EBFC-C309-4D05-BC87-5E7143B351D3}"
EndProject
Project("{2150E333-8FDC-42A3-9474-1A3956D46DE8}") = "DesignTools", "DesignTools", "{CABE8206-52A3-4D4C-B44D-B9D9DA1E5CA8}"
EndProject
Project("{FAE04EC0-301F-11D3-BF4B-00C04F79EFBC}") = "ControlsAndForms", "DesignTools\ControlsAndForms\ControlsAndForms.csproj", "{E6DDE9DC-2F92-46B0-8143-A6EF12F30DB0}"
EndProject
Project("{9A19103F-16F7-4668-BE54-9A1E7A4F7556}") = "ScheduleInterfaces", "Schedule\ScheduleInterfaces\ScheduleInterfaces.csproj", "{58DE8AB4-B69F-499C-BCF6-B5720B88ECC4}"
EndProject
Project("{9A19103F-16F7-4668-BE54-9A1E7A4F7556}") = "AcademicYearInterfaces", "AcademicYear\AcademicYearInterfaces\AcademicYearInterfaces.csproj", "{08EB5287-A4A9-4E23-B0A6-5F6BC186B5E6}"
EndProject
Project("{9A19103F-16F7-4668-BE54-9A1E7A4F7556}") = "AcademicYearImplementations", "AcademicYear\AcademicYearImplementations\AcademicYearImplementations.csproj", "{42A82700-3B9B-4D07-AA62-095BFA1096A0}"
EndProject
Project("{9A19103F-16F7-4668-BE54-9A1E7A4F7556}") = "ScheduleImplementations", "Schedule\ScheduleImplementations\ScheduleImplementations.csproj", "{36250D0E-E6C6-4FA1-B41C-4B757DB7FA9F}"
EndProject
Project("{FAE04EC0-301F-11D3-BF4B-00C04F79EFBC}") = "ScheduleControlsAndForms", "Schedule\ScheduleControlsAndForms\ScheduleControlsAndForms.csproj", "{F101A003-580E-4616-A9D4-B4CFAE1F629E}"
EndProject
Project("{FAE04EC0-301F-11D3-BF4B-00C04F79EFBC}") = "AcademicYearControlsAndForms", "AcademicYear\AcademicYearControlsAndForms\AcademicYearControlsAndForms.csproj", "{B16EC094-764B-4148-9C5A-2D6D1F8358B6}"
EndProject
Project("{9A19103F-16F7-4668-BE54-9A1E7A4F7556}") = "BaseInterfaces", "Base\BaseInterfaces\BaseInterfaces.csproj", "{DE1C3ED3-3D02-4894-A079-57775F53DD49}"
EndProject
Project("{9A19103F-16F7-4668-BE54-9A1E7A4F7556}") = "BaseImplementations", "Base\BaseImplementations\BaseImplementations.csproj", "{F3E484D4-3940-4266-8794-5CEDDAC96477}"
EndProject
Project("{FAE04EC0-301F-11D3-BF4B-00C04F79EFBC}") = "BaseControlsAndForms", "Base\BaseControlsAndForms\BaseControlsAndForms.csproj", "{6FE79205-77CE-4402-9558-919D283DCA19}"
EndProject
Project("{2150E333-8FDC-42A3-9474-1A3956D46DE8}") = "LaboratoryHead", "LaboratoryHead", "{FE55F8C1-16DF-470D-AB37-DBD7ABA5ADDC}"
EndProject
Project("{9A19103F-16F7-4668-BE54-9A1E7A4F7556}") = "LaboratoryHeadInterfaces", "LaboratoryHead\LaboratoryHeadInterfaces\LaboratoryHeadInterfaces.csproj", "{F5E2C5AC-DCF0-478C-9254-5BFEA7BA840D}"
EndProject
Project("{9A19103F-16F7-4668-BE54-9A1E7A4F7556}") = "LaboratoryHeadImplementations", "LaboratoryHead\LaboratoryHeadImplementations\LaboratoryHeadImplementations.csproj", "{DEBDA63B-83DC-43A6-B887-4120A992FC5E}"
EndProject
Project("{FAE04EC0-301F-11D3-BF4B-00C04F79EFBC}") = "LaboratoryHeadControlsAndForms", "LaboratoryHead\LaboratoryHeadControlsAndForms\LaboratoryHeadControlsAndForms.csproj", "{9F668772-5883-446E-9660-847254016E0E}"
EndProject
Project("{2150E333-8FDC-42A3-9474-1A3956D46DE8}") = "LearningProgress", "LearningProgress", "{CC7B2D2B-5F5F-42A0-8902-1FF635DACE54}"
EndProject
Project("{9A19103F-16F7-4668-BE54-9A1E7A4F7556}") = "LearningProgressInterfaces", "LearningProgress\LearningProgressInterfaces\LearningProgressInterfaces.csproj", "{64072079-CADD-414A-BAA5-49E604733D47}"
EndProject
Project("{9A19103F-16F7-4668-BE54-9A1E7A4F7556}") = "LearningProgressImplementations", "LearningProgress\LearningProgressImplementations\LearningProgressImplementations.csproj", "{7D39CDA2-4B78-40F0-B33F-5E56E840EF53}"
EndProject
Project("{FAE04EC0-301F-11D3-BF4B-00C04F79EFBC}") = "LearningProgressControlsAndForms", "LearningProgress\LearningProgressControlsAndForms\LearningProgressControlsAndForms.csproj", "{B5A5ED72-C3F9-4912-810E-DA4A6FFC88DE}"
EndProject
Project("{2150E333-8FDC-42A3-9474-1A3956D46DE8}") = "Examination", "Examination", "{D4712E11-05E8-47EC-82FB-E5A85FCE5A80}"
EndProject
Project("{9A19103F-16F7-4668-BE54-9A1E7A4F7556}") = "ExaminationInterfaces", "Examination\ExaminationInterfaces\ExaminationInterfaces.csproj", "{0DB32F00-A6D8-44EE-B5B5-A9ECFC495469}"
EndProject
Project("{9A19103F-16F7-4668-BE54-9A1E7A4F7556}") = "ExaminationImplementations", "Examination\ExaminationImplementations\ExaminationImplementations.csproj", "{9A940850-A7EF-42B3-B2F1-5DC73BACE869}"
EndProject
Project("{FAE04EC0-301F-11D3-BF4B-00C04F79EFBC}") = "ExaminationControlsAndForms", "Examination\ExaminationControlsAndForms\ExaminationControlsAndForms.csproj", "{DB99B176-3158-4270-B530-670D7E3FCFD0}"
EndProject
Project("{2150E333-8FDC-42A3-9474-1A3956D46DE8}") = "Web", "Web", "{0BF95E74-85A2-4089-8252-B01A5266BB03}"
EndProject
Project("{9A19103F-16F7-4668-BE54-9A1E7A4F7556}") = "WebImplementations", "WebImplementations\WebImplementations.csproj", "{CAC806D0-4DA3-4826-BE60-53E87CCB6956}"
EndProject
Project("{9A19103F-16F7-4668-BE54-9A1E7A4F7556}") = "WebInterfaces", "WebInterfaces\WebInterfaces.csproj", "{6640D462-30E3-4CCF-AE09-358FE1C24076}"
EndProject
Project("{9A19103F-16F7-4668-BE54-9A1E7A4F7556}") = "DepartmentWebCore", "DepartmentWebCore\DepartmentWebCore.csproj", "{6BB66BF9-20AE-410A-90B5-A8362CE03D84}"
EndProject
Project("{9A19103F-16F7-4668-BE54-9A1E7A4F7556}") = "DepartmentWebCoreTest", "DepartmentWebCoreTest\DepartmentWebCoreTest.csproj", "{C2DF4B74-6538-4B5C-8F41-6A0CF6EA1249}"
EndProject
Global
	GlobalSection(SolutionConfigurationPlatforms) = preSolution
		Debug|Any CPU = Debug|Any CPU
		Debug|ARM = Debug|ARM
		Debug|x64 = Debug|x64
		Debug|x86 = Debug|x86
		Release|Any CPU = Release|Any CPU
		Release|ARM = Release|ARM
		Release|x64 = Release|x64
		Release|x86 = Release|x86
	EndGlobalSection
	GlobalSection(ProjectConfigurationPlatforms) = postSolution
		{D17D50AE-00E8-4CB3-B403-42C554D0A1FC}.Debug|Any CPU.ActiveCfg = Debug|Any CPU
		{D17D50AE-00E8-4CB3-B403-42C554D0A1FC}.Debug|Any CPU.Build.0 = Debug|Any CPU
		{D17D50AE-00E8-4CB3-B403-42C554D0A1FC}.Debug|ARM.ActiveCfg = Debug|Any CPU
		{D17D50AE-00E8-4CB3-B403-42C554D0A1FC}.Debug|ARM.Build.0 = Debug|Any CPU
		{D17D50AE-00E8-4CB3-B403-42C554D0A1FC}.Debug|x64.ActiveCfg = Debug|Any CPU
		{D17D50AE-00E8-4CB3-B403-42C554D0A1FC}.Debug|x64.Build.0 = Debug|Any CPU
		{D17D50AE-00E8-4CB3-B403-42C554D0A1FC}.Debug|x86.ActiveCfg = Debug|Any CPU
		{D17D50AE-00E8-4CB3-B403-42C554D0A1FC}.Debug|x86.Build.0 = Debug|Any CPU
		{D17D50AE-00E8-4CB3-B403-42C554D0A1FC}.Release|Any CPU.ActiveCfg = Release|Any CPU
		{D17D50AE-00E8-4CB3-B403-42C554D0A1FC}.Release|Any CPU.Build.0 = Release|Any CPU
		{D17D50AE-00E8-4CB3-B403-42C554D0A1FC}.Release|ARM.ActiveCfg = Release|Any CPU
		{D17D50AE-00E8-4CB3-B403-42C554D0A1FC}.Release|ARM.Build.0 = Release|Any CPU
		{D17D50AE-00E8-4CB3-B403-42C554D0A1FC}.Release|x64.ActiveCfg = Release|Any CPU
		{D17D50AE-00E8-4CB3-B403-42C554D0A1FC}.Release|x64.Build.0 = Release|Any CPU
		{D17D50AE-00E8-4CB3-B403-42C554D0A1FC}.Release|x86.ActiveCfg = Release|Any CPU
		{D17D50AE-00E8-4CB3-B403-42C554D0A1FC}.Release|x86.Build.0 = Release|Any CPU
		{E7AFE5A3-0A16-45FA-B89F-1C4103218AAE}.Debug|Any CPU.ActiveCfg = Debug|Any CPU
		{E7AFE5A3-0A16-45FA-B89F-1C4103218AAE}.Debug|Any CPU.Build.0 = Debug|Any CPU
		{E7AFE5A3-0A16-45FA-B89F-1C4103218AAE}.Debug|ARM.ActiveCfg = Debug|Any CPU
		{E7AFE5A3-0A16-45FA-B89F-1C4103218AAE}.Debug|ARM.Build.0 = Debug|Any CPU
		{E7AFE5A3-0A16-45FA-B89F-1C4103218AAE}.Debug|x64.ActiveCfg = Debug|Any CPU
		{E7AFE5A3-0A16-45FA-B89F-1C4103218AAE}.Debug|x64.Build.0 = Debug|Any CPU
		{E7AFE5A3-0A16-45FA-B89F-1C4103218AAE}.Debug|x86.ActiveCfg = Debug|Any CPU
		{E7AFE5A3-0A16-45FA-B89F-1C4103218AAE}.Debug|x86.Build.0 = Debug|Any CPU
		{E7AFE5A3-0A16-45FA-B89F-1C4103218AAE}.Release|Any CPU.ActiveCfg = Release|Any CPU
		{E7AFE5A3-0A16-45FA-B89F-1C4103218AAE}.Release|Any CPU.Build.0 = Release|Any CPU
		{E7AFE5A3-0A16-45FA-B89F-1C4103218AAE}.Release|ARM.ActiveCfg = Release|Any CPU
		{E7AFE5A3-0A16-45FA-B89F-1C4103218AAE}.Release|ARM.Build.0 = Release|Any CPU
		{E7AFE5A3-0A16-45FA-B89F-1C4103218AAE}.Release|x64.ActiveCfg = Release|Any CPU
		{E7AFE5A3-0A16-45FA-B89F-1C4103218AAE}.Release|x64.Build.0 = Release|Any CPU
		{E7AFE5A3-0A16-45FA-B89F-1C4103218AAE}.Release|x86.ActiveCfg = Release|Any CPU
		{E7AFE5A3-0A16-45FA-B89F-1C4103218AAE}.Release|x86.Build.0 = Release|Any CPU
		{6B3016D0-4F7D-4B1C-99A9-1D7F64626E89}.Debug|Any CPU.ActiveCfg = Debug|Any CPU
		{6B3016D0-4F7D-4B1C-99A9-1D7F64626E89}.Debug|Any CPU.Build.0 = Debug|Any CPU
		{6B3016D0-4F7D-4B1C-99A9-1D7F64626E89}.Debug|ARM.ActiveCfg = Debug|Any CPU
		{6B3016D0-4F7D-4B1C-99A9-1D7F64626E89}.Debug|ARM.Build.0 = Debug|Any CPU
		{6B3016D0-4F7D-4B1C-99A9-1D7F64626E89}.Debug|x64.ActiveCfg = Debug|Any CPU
		{6B3016D0-4F7D-4B1C-99A9-1D7F64626E89}.Debug|x64.Build.0 = Debug|Any CPU
		{6B3016D0-4F7D-4B1C-99A9-1D7F64626E89}.Debug|x86.ActiveCfg = Debug|Any CPU
		{6B3016D0-4F7D-4B1C-99A9-1D7F64626E89}.Debug|x86.Build.0 = Debug|Any CPU
		{6B3016D0-4F7D-4B1C-99A9-1D7F64626E89}.Release|Any CPU.ActiveCfg = Release|Any CPU
		{6B3016D0-4F7D-4B1C-99A9-1D7F64626E89}.Release|Any CPU.Build.0 = Release|Any CPU
		{6B3016D0-4F7D-4B1C-99A9-1D7F64626E89}.Release|ARM.ActiveCfg = Release|Any CPU
		{6B3016D0-4F7D-4B1C-99A9-1D7F64626E89}.Release|ARM.Build.0 = Release|Any CPU
		{6B3016D0-4F7D-4B1C-99A9-1D7F64626E89}.Release|x64.ActiveCfg = Release|Any CPU
		{6B3016D0-4F7D-4B1C-99A9-1D7F64626E89}.Release|x64.Build.0 = Release|Any CPU
		{6B3016D0-4F7D-4B1C-99A9-1D7F64626E89}.Release|x86.ActiveCfg = Release|Any CPU
		{6B3016D0-4F7D-4B1C-99A9-1D7F64626E89}.Release|x86.Build.0 = Release|Any CPU
		{1DB13F83-C317-42A8-8FC9-13D6346AA96C}.Debug|Any CPU.ActiveCfg = Debug|x86
		{1DB13F83-C317-42A8-8FC9-13D6346AA96C}.Debug|Any CPU.Build.0 = Debug|x86
		{1DB13F83-C317-42A8-8FC9-13D6346AA96C}.Debug|Any CPU.Deploy.0 = Debug|x86
		{1DB13F83-C317-42A8-8FC9-13D6346AA96C}.Debug|ARM.ActiveCfg = Debug|ARM
		{1DB13F83-C317-42A8-8FC9-13D6346AA96C}.Debug|ARM.Build.0 = Debug|ARM
		{1DB13F83-C317-42A8-8FC9-13D6346AA96C}.Debug|ARM.Deploy.0 = Debug|ARM
		{1DB13F83-C317-42A8-8FC9-13D6346AA96C}.Debug|x64.ActiveCfg = Debug|x64
		{1DB13F83-C317-42A8-8FC9-13D6346AA96C}.Debug|x64.Build.0 = Debug|x64
		{1DB13F83-C317-42A8-8FC9-13D6346AA96C}.Debug|x64.Deploy.0 = Debug|x64
		{1DB13F83-C317-42A8-8FC9-13D6346AA96C}.Debug|x86.ActiveCfg = Debug|x86
		{1DB13F83-C317-42A8-8FC9-13D6346AA96C}.Debug|x86.Build.0 = Debug|x86
		{1DB13F83-C317-42A8-8FC9-13D6346AA96C}.Debug|x86.Deploy.0 = Debug|x86
		{1DB13F83-C317-42A8-8FC9-13D6346AA96C}.Release|Any CPU.ActiveCfg = Release|x86
		{1DB13F83-C317-42A8-8FC9-13D6346AA96C}.Release|ARM.ActiveCfg = Release|ARM
		{1DB13F83-C317-42A8-8FC9-13D6346AA96C}.Release|ARM.Build.0 = Release|ARM
		{1DB13F83-C317-42A8-8FC9-13D6346AA96C}.Release|ARM.Deploy.0 = Release|ARM
		{1DB13F83-C317-42A8-8FC9-13D6346AA96C}.Release|x64.ActiveCfg = Release|x64
		{1DB13F83-C317-42A8-8FC9-13D6346AA96C}.Release|x64.Build.0 = Release|x64
		{1DB13F83-C317-42A8-8FC9-13D6346AA96C}.Release|x64.Deploy.0 = Release|x64
		{1DB13F83-C317-42A8-8FC9-13D6346AA96C}.Release|x86.ActiveCfg = Release|x86
		{1DB13F83-C317-42A8-8FC9-13D6346AA96C}.Release|x86.Build.0 = Release|x86
		{1DB13F83-C317-42A8-8FC9-13D6346AA96C}.Release|x86.Deploy.0 = Release|x86
		{5A871E8A-69FF-4338-A42F-30305B18FAE9}.Debug|Any CPU.ActiveCfg = Debug|Any CPU
		{5A871E8A-69FF-4338-A42F-30305B18FAE9}.Debug|Any CPU.Build.0 = Debug|Any CPU
		{5A871E8A-69FF-4338-A42F-30305B18FAE9}.Debug|ARM.ActiveCfg = Debug|Any CPU
		{5A871E8A-69FF-4338-A42F-30305B18FAE9}.Debug|ARM.Build.0 = Debug|Any CPU
		{5A871E8A-69FF-4338-A42F-30305B18FAE9}.Debug|x64.ActiveCfg = Debug|Any CPU
		{5A871E8A-69FF-4338-A42F-30305B18FAE9}.Debug|x64.Build.0 = Debug|Any CPU
		{5A871E8A-69FF-4338-A42F-30305B18FAE9}.Debug|x86.ActiveCfg = Debug|Any CPU
		{5A871E8A-69FF-4338-A42F-30305B18FAE9}.Debug|x86.Build.0 = Debug|Any CPU
		{5A871E8A-69FF-4338-A42F-30305B18FAE9}.Release|Any CPU.ActiveCfg = Release|Any CPU
		{5A871E8A-69FF-4338-A42F-30305B18FAE9}.Release|Any CPU.Build.0 = Release|Any CPU
		{5A871E8A-69FF-4338-A42F-30305B18FAE9}.Release|ARM.ActiveCfg = Release|Any CPU
		{5A871E8A-69FF-4338-A42F-30305B18FAE9}.Release|ARM.Build.0 = Release|Any CPU
		{5A871E8A-69FF-4338-A42F-30305B18FAE9}.Release|x64.ActiveCfg = Release|Any CPU
		{5A871E8A-69FF-4338-A42F-30305B18FAE9}.Release|x64.Build.0 = Release|Any CPU
		{5A871E8A-69FF-4338-A42F-30305B18FAE9}.Release|x86.ActiveCfg = Release|Any CPU
		{5A871E8A-69FF-4338-A42F-30305B18FAE9}.Release|x86.Build.0 = Release|Any CPU
		{CB43BDB1-2FD8-4180-90B8-E83E4CDBE55A}.Debug|Any CPU.ActiveCfg = Debug|Any CPU
		{CB43BDB1-2FD8-4180-90B8-E83E4CDBE55A}.Debug|Any CPU.Build.0 = Debug|Any CPU
		{CB43BDB1-2FD8-4180-90B8-E83E4CDBE55A}.Debug|ARM.ActiveCfg = Debug|Any CPU
		{CB43BDB1-2FD8-4180-90B8-E83E4CDBE55A}.Debug|ARM.Build.0 = Debug|Any CPU
		{CB43BDB1-2FD8-4180-90B8-E83E4CDBE55A}.Debug|x64.ActiveCfg = Debug|Any CPU
		{CB43BDB1-2FD8-4180-90B8-E83E4CDBE55A}.Debug|x64.Build.0 = Debug|Any CPU
		{CB43BDB1-2FD8-4180-90B8-E83E4CDBE55A}.Debug|x86.ActiveCfg = Debug|Any CPU
		{CB43BDB1-2FD8-4180-90B8-E83E4CDBE55A}.Debug|x86.Build.0 = Debug|Any CPU
		{CB43BDB1-2FD8-4180-90B8-E83E4CDBE55A}.Release|Any CPU.ActiveCfg = Release|Any CPU
		{CB43BDB1-2FD8-4180-90B8-E83E4CDBE55A}.Release|Any CPU.Build.0 = Release|Any CPU
		{CB43BDB1-2FD8-4180-90B8-E83E4CDBE55A}.Release|ARM.ActiveCfg = Release|Any CPU
		{CB43BDB1-2FD8-4180-90B8-E83E4CDBE55A}.Release|ARM.Build.0 = Release|Any CPU
		{CB43BDB1-2FD8-4180-90B8-E83E4CDBE55A}.Release|x64.ActiveCfg = Release|Any CPU
		{CB43BDB1-2FD8-4180-90B8-E83E4CDBE55A}.Release|x64.Build.0 = Release|Any CPU
		{CB43BDB1-2FD8-4180-90B8-E83E4CDBE55A}.Release|x86.ActiveCfg = Release|Any CPU
		{CB43BDB1-2FD8-4180-90B8-E83E4CDBE55A}.Release|x86.Build.0 = Release|Any CPU
		{9388A4CB-D45C-495A-AC54-0D40116AC1A2}.Debug|Any CPU.ActiveCfg = Debug|Any CPU
		{9388A4CB-D45C-495A-AC54-0D40116AC1A2}.Debug|Any CPU.Build.0 = Debug|Any CPU
		{9388A4CB-D45C-495A-AC54-0D40116AC1A2}.Debug|ARM.ActiveCfg = Debug|Any CPU
		{9388A4CB-D45C-495A-AC54-0D40116AC1A2}.Debug|ARM.Build.0 = Debug|Any CPU
		{9388A4CB-D45C-495A-AC54-0D40116AC1A2}.Debug|x64.ActiveCfg = Debug|Any CPU
		{9388A4CB-D45C-495A-AC54-0D40116AC1A2}.Debug|x64.Build.0 = Debug|Any CPU
		{9388A4CB-D45C-495A-AC54-0D40116AC1A2}.Debug|x86.ActiveCfg = Debug|Any CPU
		{9388A4CB-D45C-495A-AC54-0D40116AC1A2}.Debug|x86.Build.0 = Debug|Any CPU
		{9388A4CB-D45C-495A-AC54-0D40116AC1A2}.Release|Any CPU.ActiveCfg = Release|Any CPU
		{9388A4CB-D45C-495A-AC54-0D40116AC1A2}.Release|Any CPU.Build.0 = Release|Any CPU
		{9388A4CB-D45C-495A-AC54-0D40116AC1A2}.Release|ARM.ActiveCfg = Release|Any CPU
		{9388A4CB-D45C-495A-AC54-0D40116AC1A2}.Release|ARM.Build.0 = Release|Any CPU
		{9388A4CB-D45C-495A-AC54-0D40116AC1A2}.Release|x64.ActiveCfg = Release|Any CPU
		{9388A4CB-D45C-495A-AC54-0D40116AC1A2}.Release|x64.Build.0 = Release|Any CPU
		{9388A4CB-D45C-495A-AC54-0D40116AC1A2}.Release|x86.ActiveCfg = Release|Any CPU
		{9388A4CB-D45C-495A-AC54-0D40116AC1A2}.Release|x86.Build.0 = Release|Any CPU
		{448538B9-DD05-44E4-BB1A-E367414BDA97}.Debug|Any CPU.ActiveCfg = Debug|Any CPU
		{448538B9-DD05-44E4-BB1A-E367414BDA97}.Debug|Any CPU.Build.0 = Debug|Any CPU
		{448538B9-DD05-44E4-BB1A-E367414BDA97}.Debug|ARM.ActiveCfg = Debug|Any CPU
		{448538B9-DD05-44E4-BB1A-E367414BDA97}.Debug|ARM.Build.0 = Debug|Any CPU
		{448538B9-DD05-44E4-BB1A-E367414BDA97}.Debug|x64.ActiveCfg = Debug|Any CPU
		{448538B9-DD05-44E4-BB1A-E367414BDA97}.Debug|x64.Build.0 = Debug|Any CPU
		{448538B9-DD05-44E4-BB1A-E367414BDA97}.Debug|x86.ActiveCfg = Debug|Any CPU
		{448538B9-DD05-44E4-BB1A-E367414BDA97}.Debug|x86.Build.0 = Debug|Any CPU
		{448538B9-DD05-44E4-BB1A-E367414BDA97}.Release|Any CPU.ActiveCfg = Release|Any CPU
		{448538B9-DD05-44E4-BB1A-E367414BDA97}.Release|Any CPU.Build.0 = Release|Any CPU
		{448538B9-DD05-44E4-BB1A-E367414BDA97}.Release|ARM.ActiveCfg = Release|Any CPU
		{448538B9-DD05-44E4-BB1A-E367414BDA97}.Release|ARM.Build.0 = Release|Any CPU
		{448538B9-DD05-44E4-BB1A-E367414BDA97}.Release|x64.ActiveCfg = Release|Any CPU
		{448538B9-DD05-44E4-BB1A-E367414BDA97}.Release|x64.Build.0 = Release|Any CPU
		{448538B9-DD05-44E4-BB1A-E367414BDA97}.Release|x86.ActiveCfg = Release|Any CPU
		{448538B9-DD05-44E4-BB1A-E367414BDA97}.Release|x86.Build.0 = Release|Any CPU
		{E9104692-C928-46A5-B01D-C3E48D9F87C9}.Debug|Any CPU.ActiveCfg = Debug|Any CPU
		{E9104692-C928-46A5-B01D-C3E48D9F87C9}.Debug|Any CPU.Build.0 = Debug|Any CPU
		{E9104692-C928-46A5-B01D-C3E48D9F87C9}.Debug|ARM.ActiveCfg = Debug|Any CPU
		{E9104692-C928-46A5-B01D-C3E48D9F87C9}.Debug|ARM.Build.0 = Debug|Any CPU
		{E9104692-C928-46A5-B01D-C3E48D9F87C9}.Debug|x64.ActiveCfg = Debug|Any CPU
		{E9104692-C928-46A5-B01D-C3E48D9F87C9}.Debug|x64.Build.0 = Debug|Any CPU
		{E9104692-C928-46A5-B01D-C3E48D9F87C9}.Debug|x86.ActiveCfg = Debug|Any CPU
		{E9104692-C928-46A5-B01D-C3E48D9F87C9}.Debug|x86.Build.0 = Debug|Any CPU
		{E9104692-C928-46A5-B01D-C3E48D9F87C9}.Release|Any CPU.ActiveCfg = Release|Any CPU
		{E9104692-C928-46A5-B01D-C3E48D9F87C9}.Release|Any CPU.Build.0 = Release|Any CPU
		{E9104692-C928-46A5-B01D-C3E48D9F87C9}.Release|ARM.ActiveCfg = Release|Any CPU
		{E9104692-C928-46A5-B01D-C3E48D9F87C9}.Release|ARM.Build.0 = Release|Any CPU
		{E9104692-C928-46A5-B01D-C3E48D9F87C9}.Release|x64.ActiveCfg = Release|Any CPU
		{E9104692-C928-46A5-B01D-C3E48D9F87C9}.Release|x64.Build.0 = Release|Any CPU
		{E9104692-C928-46A5-B01D-C3E48D9F87C9}.Release|x86.ActiveCfg = Release|Any CPU
		{E9104692-C928-46A5-B01D-C3E48D9F87C9}.Release|x86.Build.0 = Release|Any CPU
		{93F49A76-4D66-42BB-89F4-31CCC2B2C9FA}.Debug|Any CPU.ActiveCfg = Debug|Any CPU
		{93F49A76-4D66-42BB-89F4-31CCC2B2C9FA}.Debug|Any CPU.Build.0 = Debug|Any CPU
		{93F49A76-4D66-42BB-89F4-31CCC2B2C9FA}.Debug|ARM.ActiveCfg = Debug|Any CPU
		{93F49A76-4D66-42BB-89F4-31CCC2B2C9FA}.Debug|ARM.Build.0 = Debug|Any CPU
		{93F49A76-4D66-42BB-89F4-31CCC2B2C9FA}.Debug|x64.ActiveCfg = Debug|Any CPU
		{93F49A76-4D66-42BB-89F4-31CCC2B2C9FA}.Debug|x64.Build.0 = Debug|Any CPU
		{93F49A76-4D66-42BB-89F4-31CCC2B2C9FA}.Debug|x86.ActiveCfg = Debug|Any CPU
		{93F49A76-4D66-42BB-89F4-31CCC2B2C9FA}.Debug|x86.Build.0 = Debug|Any CPU
		{93F49A76-4D66-42BB-89F4-31CCC2B2C9FA}.Release|Any CPU.ActiveCfg = Release|Any CPU
		{93F49A76-4D66-42BB-89F4-31CCC2B2C9FA}.Release|Any CPU.Build.0 = Release|Any CPU
		{93F49A76-4D66-42BB-89F4-31CCC2B2C9FA}.Release|ARM.ActiveCfg = Release|Any CPU
		{93F49A76-4D66-42BB-89F4-31CCC2B2C9FA}.Release|ARM.Build.0 = Release|Any CPU
		{93F49A76-4D66-42BB-89F4-31CCC2B2C9FA}.Release|x64.ActiveCfg = Release|Any CPU
		{93F49A76-4D66-42BB-89F4-31CCC2B2C9FA}.Release|x64.Build.0 = Release|Any CPU
		{93F49A76-4D66-42BB-89F4-31CCC2B2C9FA}.Release|x86.ActiveCfg = Release|Any CPU
		{93F49A76-4D66-42BB-89F4-31CCC2B2C9FA}.Release|x86.Build.0 = Release|Any CPU
		{F240EBFC-C309-4D05-BC87-5E7143B351D3}.Debug|Any CPU.ActiveCfg = Debug|Any CPU
		{F240EBFC-C309-4D05-BC87-5E7143B351D3}.Debug|Any CPU.Build.0 = Debug|Any CPU
		{F240EBFC-C309-4D05-BC87-5E7143B351D3}.Debug|ARM.ActiveCfg = Debug|Any CPU
		{F240EBFC-C309-4D05-BC87-5E7143B351D3}.Debug|ARM.Build.0 = Debug|Any CPU
		{F240EBFC-C309-4D05-BC87-5E7143B351D3}.Debug|x64.ActiveCfg = Debug|Any CPU
		{F240EBFC-C309-4D05-BC87-5E7143B351D3}.Debug|x64.Build.0 = Debug|Any CPU
		{F240EBFC-C309-4D05-BC87-5E7143B351D3}.Debug|x86.ActiveCfg = Debug|Any CPU
		{F240EBFC-C309-4D05-BC87-5E7143B351D3}.Debug|x86.Build.0 = Debug|Any CPU
		{F240EBFC-C309-4D05-BC87-5E7143B351D3}.Release|Any CPU.ActiveCfg = Release|Any CPU
		{F240EBFC-C309-4D05-BC87-5E7143B351D3}.Release|Any CPU.Build.0 = Release|Any CPU
		{F240EBFC-C309-4D05-BC87-5E7143B351D3}.Release|ARM.ActiveCfg = Release|Any CPU
		{F240EBFC-C309-4D05-BC87-5E7143B351D3}.Release|ARM.Build.0 = Release|Any CPU
		{F240EBFC-C309-4D05-BC87-5E7143B351D3}.Release|x64.ActiveCfg = Release|Any CPU
		{F240EBFC-C309-4D05-BC87-5E7143B351D3}.Release|x64.Build.0 = Release|Any CPU
		{F240EBFC-C309-4D05-BC87-5E7143B351D3}.Release|x86.ActiveCfg = Release|Any CPU
		{F240EBFC-C309-4D05-BC87-5E7143B351D3}.Release|x86.Build.0 = Release|Any CPU
		{E6DDE9DC-2F92-46B0-8143-A6EF12F30DB0}.Debug|Any CPU.ActiveCfg = Debug|Any CPU
		{E6DDE9DC-2F92-46B0-8143-A6EF12F30DB0}.Debug|Any CPU.Build.0 = Debug|Any CPU
		{E6DDE9DC-2F92-46B0-8143-A6EF12F30DB0}.Debug|ARM.ActiveCfg = Debug|Any CPU
		{E6DDE9DC-2F92-46B0-8143-A6EF12F30DB0}.Debug|ARM.Build.0 = Debug|Any CPU
		{E6DDE9DC-2F92-46B0-8143-A6EF12F30DB0}.Debug|x64.ActiveCfg = Debug|Any CPU
		{E6DDE9DC-2F92-46B0-8143-A6EF12F30DB0}.Debug|x64.Build.0 = Debug|Any CPU
		{E6DDE9DC-2F92-46B0-8143-A6EF12F30DB0}.Debug|x86.ActiveCfg = Debug|Any CPU
		{E6DDE9DC-2F92-46B0-8143-A6EF12F30DB0}.Debug|x86.Build.0 = Debug|Any CPU
		{E6DDE9DC-2F92-46B0-8143-A6EF12F30DB0}.Release|Any CPU.ActiveCfg = Release|Any CPU
		{E6DDE9DC-2F92-46B0-8143-A6EF12F30DB0}.Release|Any CPU.Build.0 = Release|Any CPU
		{E6DDE9DC-2F92-46B0-8143-A6EF12F30DB0}.Release|ARM.ActiveCfg = Release|Any CPU
		{E6DDE9DC-2F92-46B0-8143-A6EF12F30DB0}.Release|ARM.Build.0 = Release|Any CPU
		{E6DDE9DC-2F92-46B0-8143-A6EF12F30DB0}.Release|x64.ActiveCfg = Release|Any CPU
		{E6DDE9DC-2F92-46B0-8143-A6EF12F30DB0}.Release|x64.Build.0 = Release|Any CPU
		{E6DDE9DC-2F92-46B0-8143-A6EF12F30DB0}.Release|x86.ActiveCfg = Release|Any CPU
		{E6DDE9DC-2F92-46B0-8143-A6EF12F30DB0}.Release|x86.Build.0 = Release|Any CPU
		{58DE8AB4-B69F-499C-BCF6-B5720B88ECC4}.Debug|Any CPU.ActiveCfg = Debug|Any CPU
		{58DE8AB4-B69F-499C-BCF6-B5720B88ECC4}.Debug|Any CPU.Build.0 = Debug|Any CPU
		{58DE8AB4-B69F-499C-BCF6-B5720B88ECC4}.Debug|ARM.ActiveCfg = Debug|Any CPU
		{58DE8AB4-B69F-499C-BCF6-B5720B88ECC4}.Debug|ARM.Build.0 = Debug|Any CPU
		{58DE8AB4-B69F-499C-BCF6-B5720B88ECC4}.Debug|x64.ActiveCfg = Debug|Any CPU
		{58DE8AB4-B69F-499C-BCF6-B5720B88ECC4}.Debug|x64.Build.0 = Debug|Any CPU
		{58DE8AB4-B69F-499C-BCF6-B5720B88ECC4}.Debug|x86.ActiveCfg = Debug|Any CPU
		{58DE8AB4-B69F-499C-BCF6-B5720B88ECC4}.Debug|x86.Build.0 = Debug|Any CPU
		{58DE8AB4-B69F-499C-BCF6-B5720B88ECC4}.Release|Any CPU.ActiveCfg = Release|Any CPU
		{58DE8AB4-B69F-499C-BCF6-B5720B88ECC4}.Release|Any CPU.Build.0 = Release|Any CPU
		{58DE8AB4-B69F-499C-BCF6-B5720B88ECC4}.Release|ARM.ActiveCfg = Release|Any CPU
		{58DE8AB4-B69F-499C-BCF6-B5720B88ECC4}.Release|ARM.Build.0 = Release|Any CPU
		{58DE8AB4-B69F-499C-BCF6-B5720B88ECC4}.Release|x64.ActiveCfg = Release|Any CPU
		{58DE8AB4-B69F-499C-BCF6-B5720B88ECC4}.Release|x64.Build.0 = Release|Any CPU
		{58DE8AB4-B69F-499C-BCF6-B5720B88ECC4}.Release|x86.ActiveCfg = Release|Any CPU
		{58DE8AB4-B69F-499C-BCF6-B5720B88ECC4}.Release|x86.Build.0 = Release|Any CPU
		{08EB5287-A4A9-4E23-B0A6-5F6BC186B5E6}.Debug|Any CPU.ActiveCfg = Debug|Any CPU
		{08EB5287-A4A9-4E23-B0A6-5F6BC186B5E6}.Debug|Any CPU.Build.0 = Debug|Any CPU
		{08EB5287-A4A9-4E23-B0A6-5F6BC186B5E6}.Debug|ARM.ActiveCfg = Debug|Any CPU
		{08EB5287-A4A9-4E23-B0A6-5F6BC186B5E6}.Debug|ARM.Build.0 = Debug|Any CPU
		{08EB5287-A4A9-4E23-B0A6-5F6BC186B5E6}.Debug|x64.ActiveCfg = Debug|Any CPU
		{08EB5287-A4A9-4E23-B0A6-5F6BC186B5E6}.Debug|x64.Build.0 = Debug|Any CPU
		{08EB5287-A4A9-4E23-B0A6-5F6BC186B5E6}.Debug|x86.ActiveCfg = Debug|Any CPU
		{08EB5287-A4A9-4E23-B0A6-5F6BC186B5E6}.Debug|x86.Build.0 = Debug|Any CPU
		{08EB5287-A4A9-4E23-B0A6-5F6BC186B5E6}.Release|Any CPU.ActiveCfg = Release|Any CPU
		{08EB5287-A4A9-4E23-B0A6-5F6BC186B5E6}.Release|Any CPU.Build.0 = Release|Any CPU
		{08EB5287-A4A9-4E23-B0A6-5F6BC186B5E6}.Release|ARM.ActiveCfg = Release|Any CPU
		{08EB5287-A4A9-4E23-B0A6-5F6BC186B5E6}.Release|ARM.Build.0 = Release|Any CPU
		{08EB5287-A4A9-4E23-B0A6-5F6BC186B5E6}.Release|x64.ActiveCfg = Release|Any CPU
		{08EB5287-A4A9-4E23-B0A6-5F6BC186B5E6}.Release|x64.Build.0 = Release|Any CPU
		{08EB5287-A4A9-4E23-B0A6-5F6BC186B5E6}.Release|x86.ActiveCfg = Release|Any CPU
		{08EB5287-A4A9-4E23-B0A6-5F6BC186B5E6}.Release|x86.Build.0 = Release|Any CPU
		{42A82700-3B9B-4D07-AA62-095BFA1096A0}.Debug|Any CPU.ActiveCfg = Debug|Any CPU
		{42A82700-3B9B-4D07-AA62-095BFA1096A0}.Debug|Any CPU.Build.0 = Debug|Any CPU
		{42A82700-3B9B-4D07-AA62-095BFA1096A0}.Debug|ARM.ActiveCfg = Debug|Any CPU
		{42A82700-3B9B-4D07-AA62-095BFA1096A0}.Debug|ARM.Build.0 = Debug|Any CPU
		{42A82700-3B9B-4D07-AA62-095BFA1096A0}.Debug|x64.ActiveCfg = Debug|Any CPU
		{42A82700-3B9B-4D07-AA62-095BFA1096A0}.Debug|x64.Build.0 = Debug|Any CPU
		{42A82700-3B9B-4D07-AA62-095BFA1096A0}.Debug|x86.ActiveCfg = Debug|Any CPU
		{42A82700-3B9B-4D07-AA62-095BFA1096A0}.Debug|x86.Build.0 = Debug|Any CPU
		{42A82700-3B9B-4D07-AA62-095BFA1096A0}.Release|Any CPU.ActiveCfg = Release|Any CPU
		{42A82700-3B9B-4D07-AA62-095BFA1096A0}.Release|Any CPU.Build.0 = Release|Any CPU
		{42A82700-3B9B-4D07-AA62-095BFA1096A0}.Release|ARM.ActiveCfg = Release|Any CPU
		{42A82700-3B9B-4D07-AA62-095BFA1096A0}.Release|ARM.Build.0 = Release|Any CPU
		{42A82700-3B9B-4D07-AA62-095BFA1096A0}.Release|x64.ActiveCfg = Release|Any CPU
		{42A82700-3B9B-4D07-AA62-095BFA1096A0}.Release|x64.Build.0 = Release|Any CPU
		{42A82700-3B9B-4D07-AA62-095BFA1096A0}.Release|x86.ActiveCfg = Release|Any CPU
		{42A82700-3B9B-4D07-AA62-095BFA1096A0}.Release|x86.Build.0 = Release|Any CPU
		{36250D0E-E6C6-4FA1-B41C-4B757DB7FA9F}.Debug|Any CPU.ActiveCfg = Debug|Any CPU
		{36250D0E-E6C6-4FA1-B41C-4B757DB7FA9F}.Debug|Any CPU.Build.0 = Debug|Any CPU
		{36250D0E-E6C6-4FA1-B41C-4B757DB7FA9F}.Debug|ARM.ActiveCfg = Debug|Any CPU
		{36250D0E-E6C6-4FA1-B41C-4B757DB7FA9F}.Debug|ARM.Build.0 = Debug|Any CPU
		{36250D0E-E6C6-4FA1-B41C-4B757DB7FA9F}.Debug|x64.ActiveCfg = Debug|Any CPU
		{36250D0E-E6C6-4FA1-B41C-4B757DB7FA9F}.Debug|x64.Build.0 = Debug|Any CPU
		{36250D0E-E6C6-4FA1-B41C-4B757DB7FA9F}.Debug|x86.ActiveCfg = Debug|Any CPU
		{36250D0E-E6C6-4FA1-B41C-4B757DB7FA9F}.Debug|x86.Build.0 = Debug|Any CPU
		{36250D0E-E6C6-4FA1-B41C-4B757DB7FA9F}.Release|Any CPU.ActiveCfg = Release|Any CPU
		{36250D0E-E6C6-4FA1-B41C-4B757DB7FA9F}.Release|Any CPU.Build.0 = Release|Any CPU
		{36250D0E-E6C6-4FA1-B41C-4B757DB7FA9F}.Release|ARM.ActiveCfg = Release|Any CPU
		{36250D0E-E6C6-4FA1-B41C-4B757DB7FA9F}.Release|ARM.Build.0 = Release|Any CPU
		{36250D0E-E6C6-4FA1-B41C-4B757DB7FA9F}.Release|x64.ActiveCfg = Release|Any CPU
		{36250D0E-E6C6-4FA1-B41C-4B757DB7FA9F}.Release|x64.Build.0 = Release|Any CPU
		{36250D0E-E6C6-4FA1-B41C-4B757DB7FA9F}.Release|x86.ActiveCfg = Release|Any CPU
		{36250D0E-E6C6-4FA1-B41C-4B757DB7FA9F}.Release|x86.Build.0 = Release|Any CPU
		{F101A003-580E-4616-A9D4-B4CFAE1F629E}.Debug|Any CPU.ActiveCfg = Debug|Any CPU
		{F101A003-580E-4616-A9D4-B4CFAE1F629E}.Debug|Any CPU.Build.0 = Debug|Any CPU
		{F101A003-580E-4616-A9D4-B4CFAE1F629E}.Debug|ARM.ActiveCfg = Debug|Any CPU
		{F101A003-580E-4616-A9D4-B4CFAE1F629E}.Debug|ARM.Build.0 = Debug|Any CPU
		{F101A003-580E-4616-A9D4-B4CFAE1F629E}.Debug|x64.ActiveCfg = Debug|Any CPU
		{F101A003-580E-4616-A9D4-B4CFAE1F629E}.Debug|x64.Build.0 = Debug|Any CPU
		{F101A003-580E-4616-A9D4-B4CFAE1F629E}.Debug|x86.ActiveCfg = Debug|Any CPU
		{F101A003-580E-4616-A9D4-B4CFAE1F629E}.Debug|x86.Build.0 = Debug|Any CPU
		{F101A003-580E-4616-A9D4-B4CFAE1F629E}.Release|Any CPU.ActiveCfg = Release|Any CPU
		{F101A003-580E-4616-A9D4-B4CFAE1F629E}.Release|Any CPU.Build.0 = Release|Any CPU
		{F101A003-580E-4616-A9D4-B4CFAE1F629E}.Release|ARM.ActiveCfg = Release|Any CPU
		{F101A003-580E-4616-A9D4-B4CFAE1F629E}.Release|ARM.Build.0 = Release|Any CPU
		{F101A003-580E-4616-A9D4-B4CFAE1F629E}.Release|x64.ActiveCfg = Release|Any CPU
		{F101A003-580E-4616-A9D4-B4CFAE1F629E}.Release|x64.Build.0 = Release|Any CPU
		{F101A003-580E-4616-A9D4-B4CFAE1F629E}.Release|x86.ActiveCfg = Release|Any CPU
		{F101A003-580E-4616-A9D4-B4CFAE1F629E}.Release|x86.Build.0 = Release|Any CPU
		{B16EC094-764B-4148-9C5A-2D6D1F8358B6}.Debug|Any CPU.ActiveCfg = Debug|Any CPU
		{B16EC094-764B-4148-9C5A-2D6D1F8358B6}.Debug|Any CPU.Build.0 = Debug|Any CPU
		{B16EC094-764B-4148-9C5A-2D6D1F8358B6}.Debug|ARM.ActiveCfg = Debug|Any CPU
		{B16EC094-764B-4148-9C5A-2D6D1F8358B6}.Debug|ARM.Build.0 = Debug|Any CPU
		{B16EC094-764B-4148-9C5A-2D6D1F8358B6}.Debug|x64.ActiveCfg = Debug|Any CPU
		{B16EC094-764B-4148-9C5A-2D6D1F8358B6}.Debug|x64.Build.0 = Debug|Any CPU
		{B16EC094-764B-4148-9C5A-2D6D1F8358B6}.Debug|x86.ActiveCfg = Debug|Any CPU
		{B16EC094-764B-4148-9C5A-2D6D1F8358B6}.Debug|x86.Build.0 = Debug|Any CPU
		{B16EC094-764B-4148-9C5A-2D6D1F8358B6}.Release|Any CPU.ActiveCfg = Release|Any CPU
		{B16EC094-764B-4148-9C5A-2D6D1F8358B6}.Release|Any CPU.Build.0 = Release|Any CPU
		{B16EC094-764B-4148-9C5A-2D6D1F8358B6}.Release|ARM.ActiveCfg = Release|Any CPU
		{B16EC094-764B-4148-9C5A-2D6D1F8358B6}.Release|ARM.Build.0 = Release|Any CPU
		{B16EC094-764B-4148-9C5A-2D6D1F8358B6}.Release|x64.ActiveCfg = Release|Any CPU
		{B16EC094-764B-4148-9C5A-2D6D1F8358B6}.Release|x64.Build.0 = Release|Any CPU
		{B16EC094-764B-4148-9C5A-2D6D1F8358B6}.Release|x86.ActiveCfg = Release|Any CPU
		{B16EC094-764B-4148-9C5A-2D6D1F8358B6}.Release|x86.Build.0 = Release|Any CPU
		{DE1C3ED3-3D02-4894-A079-57775F53DD49}.Debug|Any CPU.ActiveCfg = Debug|Any CPU
		{DE1C3ED3-3D02-4894-A079-57775F53DD49}.Debug|Any CPU.Build.0 = Debug|Any CPU
		{DE1C3ED3-3D02-4894-A079-57775F53DD49}.Debug|ARM.ActiveCfg = Debug|Any CPU
		{DE1C3ED3-3D02-4894-A079-57775F53DD49}.Debug|ARM.Build.0 = Debug|Any CPU
		{DE1C3ED3-3D02-4894-A079-57775F53DD49}.Debug|x64.ActiveCfg = Debug|Any CPU
		{DE1C3ED3-3D02-4894-A079-57775F53DD49}.Debug|x64.Build.0 = Debug|Any CPU
		{DE1C3ED3-3D02-4894-A079-57775F53DD49}.Debug|x86.ActiveCfg = Debug|Any CPU
		{DE1C3ED3-3D02-4894-A079-57775F53DD49}.Debug|x86.Build.0 = Debug|Any CPU
		{DE1C3ED3-3D02-4894-A079-57775F53DD49}.Release|Any CPU.ActiveCfg = Release|Any CPU
		{DE1C3ED3-3D02-4894-A079-57775F53DD49}.Release|Any CPU.Build.0 = Release|Any CPU
		{DE1C3ED3-3D02-4894-A079-57775F53DD49}.Release|ARM.ActiveCfg = Release|Any CPU
		{DE1C3ED3-3D02-4894-A079-57775F53DD49}.Release|ARM.Build.0 = Release|Any CPU
		{DE1C3ED3-3D02-4894-A079-57775F53DD49}.Release|x64.ActiveCfg = Release|Any CPU
		{DE1C3ED3-3D02-4894-A079-57775F53DD49}.Release|x64.Build.0 = Release|Any CPU
		{DE1C3ED3-3D02-4894-A079-57775F53DD49}.Release|x86.ActiveCfg = Release|Any CPU
		{DE1C3ED3-3D02-4894-A079-57775F53DD49}.Release|x86.Build.0 = Release|Any CPU
		{F3E484D4-3940-4266-8794-5CEDDAC96477}.Debug|Any CPU.ActiveCfg = Debug|Any CPU
		{F3E484D4-3940-4266-8794-5CEDDAC96477}.Debug|Any CPU.Build.0 = Debug|Any CPU
		{F3E484D4-3940-4266-8794-5CEDDAC96477}.Debug|ARM.ActiveCfg = Debug|Any CPU
		{F3E484D4-3940-4266-8794-5CEDDAC96477}.Debug|ARM.Build.0 = Debug|Any CPU
		{F3E484D4-3940-4266-8794-5CEDDAC96477}.Debug|x64.ActiveCfg = Debug|Any CPU
		{F3E484D4-3940-4266-8794-5CEDDAC96477}.Debug|x64.Build.0 = Debug|Any CPU
		{F3E484D4-3940-4266-8794-5CEDDAC96477}.Debug|x86.ActiveCfg = Debug|Any CPU
		{F3E484D4-3940-4266-8794-5CEDDAC96477}.Debug|x86.Build.0 = Debug|Any CPU
		{F3E484D4-3940-4266-8794-5CEDDAC96477}.Release|Any CPU.ActiveCfg = Release|Any CPU
		{F3E484D4-3940-4266-8794-5CEDDAC96477}.Release|Any CPU.Build.0 = Release|Any CPU
		{F3E484D4-3940-4266-8794-5CEDDAC96477}.Release|ARM.ActiveCfg = Release|Any CPU
		{F3E484D4-3940-4266-8794-5CEDDAC96477}.Release|ARM.Build.0 = Release|Any CPU
		{F3E484D4-3940-4266-8794-5CEDDAC96477}.Release|x64.ActiveCfg = Release|Any CPU
		{F3E484D4-3940-4266-8794-5CEDDAC96477}.Release|x64.Build.0 = Release|Any CPU
		{F3E484D4-3940-4266-8794-5CEDDAC96477}.Release|x86.ActiveCfg = Release|Any CPU
		{F3E484D4-3940-4266-8794-5CEDDAC96477}.Release|x86.Build.0 = Release|Any CPU
		{6FE79205-77CE-4402-9558-919D283DCA19}.Debug|Any CPU.ActiveCfg = Debug|Any CPU
		{6FE79205-77CE-4402-9558-919D283DCA19}.Debug|Any CPU.Build.0 = Debug|Any CPU
		{6FE79205-77CE-4402-9558-919D283DCA19}.Debug|ARM.ActiveCfg = Debug|Any CPU
		{6FE79205-77CE-4402-9558-919D283DCA19}.Debug|ARM.Build.0 = Debug|Any CPU
		{6FE79205-77CE-4402-9558-919D283DCA19}.Debug|x64.ActiveCfg = Debug|Any CPU
		{6FE79205-77CE-4402-9558-919D283DCA19}.Debug|x64.Build.0 = Debug|Any CPU
		{6FE79205-77CE-4402-9558-919D283DCA19}.Debug|x86.ActiveCfg = Debug|Any CPU
		{6FE79205-77CE-4402-9558-919D283DCA19}.Debug|x86.Build.0 = Debug|Any CPU
		{6FE79205-77CE-4402-9558-919D283DCA19}.Release|Any CPU.ActiveCfg = Release|Any CPU
		{6FE79205-77CE-4402-9558-919D283DCA19}.Release|Any CPU.Build.0 = Release|Any CPU
		{6FE79205-77CE-4402-9558-919D283DCA19}.Release|ARM.ActiveCfg = Release|Any CPU
		{6FE79205-77CE-4402-9558-919D283DCA19}.Release|ARM.Build.0 = Release|Any CPU
		{6FE79205-77CE-4402-9558-919D283DCA19}.Release|x64.ActiveCfg = Release|Any CPU
		{6FE79205-77CE-4402-9558-919D283DCA19}.Release|x64.Build.0 = Release|Any CPU
		{6FE79205-77CE-4402-9558-919D283DCA19}.Release|x86.ActiveCfg = Release|Any CPU
		{6FE79205-77CE-4402-9558-919D283DCA19}.Release|x86.Build.0 = Release|Any CPU
		{F5E2C5AC-DCF0-478C-9254-5BFEA7BA840D}.Debug|Any CPU.ActiveCfg = Debug|Any CPU
		{F5E2C5AC-DCF0-478C-9254-5BFEA7BA840D}.Debug|Any CPU.Build.0 = Debug|Any CPU
		{F5E2C5AC-DCF0-478C-9254-5BFEA7BA840D}.Debug|ARM.ActiveCfg = Debug|Any CPU
		{F5E2C5AC-DCF0-478C-9254-5BFEA7BA840D}.Debug|ARM.Build.0 = Debug|Any CPU
		{F5E2C5AC-DCF0-478C-9254-5BFEA7BA840D}.Debug|x64.ActiveCfg = Debug|Any CPU
		{F5E2C5AC-DCF0-478C-9254-5BFEA7BA840D}.Debug|x64.Build.0 = Debug|Any CPU
		{F5E2C5AC-DCF0-478C-9254-5BFEA7BA840D}.Debug|x86.ActiveCfg = Debug|Any CPU
		{F5E2C5AC-DCF0-478C-9254-5BFEA7BA840D}.Debug|x86.Build.0 = Debug|Any CPU
		{F5E2C5AC-DCF0-478C-9254-5BFEA7BA840D}.Release|Any CPU.ActiveCfg = Release|Any CPU
		{F5E2C5AC-DCF0-478C-9254-5BFEA7BA840D}.Release|Any CPU.Build.0 = Release|Any CPU
		{F5E2C5AC-DCF0-478C-9254-5BFEA7BA840D}.Release|ARM.ActiveCfg = Release|Any CPU
		{F5E2C5AC-DCF0-478C-9254-5BFEA7BA840D}.Release|ARM.Build.0 = Release|Any CPU
		{F5E2C5AC-DCF0-478C-9254-5BFEA7BA840D}.Release|x64.ActiveCfg = Release|Any CPU
		{F5E2C5AC-DCF0-478C-9254-5BFEA7BA840D}.Release|x64.Build.0 = Release|Any CPU
		{F5E2C5AC-DCF0-478C-9254-5BFEA7BA840D}.Release|x86.ActiveCfg = Release|Any CPU
		{F5E2C5AC-DCF0-478C-9254-5BFEA7BA840D}.Release|x86.Build.0 = Release|Any CPU
		{DEBDA63B-83DC-43A6-B887-4120A992FC5E}.Debug|Any CPU.ActiveCfg = Debug|Any CPU
		{DEBDA63B-83DC-43A6-B887-4120A992FC5E}.Debug|Any CPU.Build.0 = Debug|Any CPU
		{DEBDA63B-83DC-43A6-B887-4120A992FC5E}.Debug|ARM.ActiveCfg = Debug|Any CPU
		{DEBDA63B-83DC-43A6-B887-4120A992FC5E}.Debug|ARM.Build.0 = Debug|Any CPU
		{DEBDA63B-83DC-43A6-B887-4120A992FC5E}.Debug|x64.ActiveCfg = Debug|Any CPU
		{DEBDA63B-83DC-43A6-B887-4120A992FC5E}.Debug|x64.Build.0 = Debug|Any CPU
		{DEBDA63B-83DC-43A6-B887-4120A992FC5E}.Debug|x86.ActiveCfg = Debug|Any CPU
		{DEBDA63B-83DC-43A6-B887-4120A992FC5E}.Debug|x86.Build.0 = Debug|Any CPU
		{DEBDA63B-83DC-43A6-B887-4120A992FC5E}.Release|Any CPU.ActiveCfg = Release|Any CPU
		{DEBDA63B-83DC-43A6-B887-4120A992FC5E}.Release|Any CPU.Build.0 = Release|Any CPU
		{DEBDA63B-83DC-43A6-B887-4120A992FC5E}.Release|ARM.ActiveCfg = Release|Any CPU
		{DEBDA63B-83DC-43A6-B887-4120A992FC5E}.Release|ARM.Build.0 = Release|Any CPU
		{DEBDA63B-83DC-43A6-B887-4120A992FC5E}.Release|x64.ActiveCfg = Release|Any CPU
		{DEBDA63B-83DC-43A6-B887-4120A992FC5E}.Release|x64.Build.0 = Release|Any CPU
		{DEBDA63B-83DC-43A6-B887-4120A992FC5E}.Release|x86.ActiveCfg = Release|Any CPU
		{DEBDA63B-83DC-43A6-B887-4120A992FC5E}.Release|x86.Build.0 = Release|Any CPU
		{9F668772-5883-446E-9660-847254016E0E}.Debug|Any CPU.ActiveCfg = Debug|Any CPU
		{9F668772-5883-446E-9660-847254016E0E}.Debug|Any CPU.Build.0 = Debug|Any CPU
		{9F668772-5883-446E-9660-847254016E0E}.Debug|ARM.ActiveCfg = Debug|Any CPU
		{9F668772-5883-446E-9660-847254016E0E}.Debug|ARM.Build.0 = Debug|Any CPU
		{9F668772-5883-446E-9660-847254016E0E}.Debug|x64.ActiveCfg = Debug|Any CPU
		{9F668772-5883-446E-9660-847254016E0E}.Debug|x64.Build.0 = Debug|Any CPU
		{9F668772-5883-446E-9660-847254016E0E}.Debug|x86.ActiveCfg = Debug|Any CPU
		{9F668772-5883-446E-9660-847254016E0E}.Debug|x86.Build.0 = Debug|Any CPU
		{9F668772-5883-446E-9660-847254016E0E}.Release|Any CPU.ActiveCfg = Release|Any CPU
		{9F668772-5883-446E-9660-847254016E0E}.Release|Any CPU.Build.0 = Release|Any CPU
		{9F668772-5883-446E-9660-847254016E0E}.Release|ARM.ActiveCfg = Release|Any CPU
		{9F668772-5883-446E-9660-847254016E0E}.Release|ARM.Build.0 = Release|Any CPU
		{9F668772-5883-446E-9660-847254016E0E}.Release|x64.ActiveCfg = Release|Any CPU
		{9F668772-5883-446E-9660-847254016E0E}.Release|x64.Build.0 = Release|Any CPU
		{9F668772-5883-446E-9660-847254016E0E}.Release|x86.ActiveCfg = Release|Any CPU
		{9F668772-5883-446E-9660-847254016E0E}.Release|x86.Build.0 = Release|Any CPU
		{64072079-CADD-414A-BAA5-49E604733D47}.Debug|Any CPU.ActiveCfg = Debug|Any CPU
		{64072079-CADD-414A-BAA5-49E604733D47}.Debug|Any CPU.Build.0 = Debug|Any CPU
		{64072079-CADD-414A-BAA5-49E604733D47}.Debug|ARM.ActiveCfg = Debug|Any CPU
		{64072079-CADD-414A-BAA5-49E604733D47}.Debug|ARM.Build.0 = Debug|Any CPU
		{64072079-CADD-414A-BAA5-49E604733D47}.Debug|x64.ActiveCfg = Debug|Any CPU
		{64072079-CADD-414A-BAA5-49E604733D47}.Debug|x64.Build.0 = Debug|Any CPU
		{64072079-CADD-414A-BAA5-49E604733D47}.Debug|x86.ActiveCfg = Debug|Any CPU
		{64072079-CADD-414A-BAA5-49E604733D47}.Debug|x86.Build.0 = Debug|Any CPU
		{64072079-CADD-414A-BAA5-49E604733D47}.Release|Any CPU.ActiveCfg = Release|Any CPU
		{64072079-CADD-414A-BAA5-49E604733D47}.Release|Any CPU.Build.0 = Release|Any CPU
		{64072079-CADD-414A-BAA5-49E604733D47}.Release|ARM.ActiveCfg = Release|Any CPU
		{64072079-CADD-414A-BAA5-49E604733D47}.Release|ARM.Build.0 = Release|Any CPU
		{64072079-CADD-414A-BAA5-49E604733D47}.Release|x64.ActiveCfg = Release|Any CPU
		{64072079-CADD-414A-BAA5-49E604733D47}.Release|x64.Build.0 = Release|Any CPU
		{64072079-CADD-414A-BAA5-49E604733D47}.Release|x86.ActiveCfg = Release|Any CPU
		{64072079-CADD-414A-BAA5-49E604733D47}.Release|x86.Build.0 = Release|Any CPU
		{7D39CDA2-4B78-40F0-B33F-5E56E840EF53}.Debug|Any CPU.ActiveCfg = Debug|Any CPU
		{7D39CDA2-4B78-40F0-B33F-5E56E840EF53}.Debug|Any CPU.Build.0 = Debug|Any CPU
		{7D39CDA2-4B78-40F0-B33F-5E56E840EF53}.Debug|ARM.ActiveCfg = Debug|Any CPU
		{7D39CDA2-4B78-40F0-B33F-5E56E840EF53}.Debug|ARM.Build.0 = Debug|Any CPU
		{7D39CDA2-4B78-40F0-B33F-5E56E840EF53}.Debug|x64.ActiveCfg = Debug|Any CPU
		{7D39CDA2-4B78-40F0-B33F-5E56E840EF53}.Debug|x64.Build.0 = Debug|Any CPU
		{7D39CDA2-4B78-40F0-B33F-5E56E840EF53}.Debug|x86.ActiveCfg = Debug|Any CPU
		{7D39CDA2-4B78-40F0-B33F-5E56E840EF53}.Debug|x86.Build.0 = Debug|Any CPU
		{7D39CDA2-4B78-40F0-B33F-5E56E840EF53}.Release|Any CPU.ActiveCfg = Release|Any CPU
		{7D39CDA2-4B78-40F0-B33F-5E56E840EF53}.Release|Any CPU.Build.0 = Release|Any CPU
		{7D39CDA2-4B78-40F0-B33F-5E56E840EF53}.Release|ARM.ActiveCfg = Release|Any CPU
		{7D39CDA2-4B78-40F0-B33F-5E56E840EF53}.Release|ARM.Build.0 = Release|Any CPU
		{7D39CDA2-4B78-40F0-B33F-5E56E840EF53}.Release|x64.ActiveCfg = Release|Any CPU
		{7D39CDA2-4B78-40F0-B33F-5E56E840EF53}.Release|x64.Build.0 = Release|Any CPU
		{7D39CDA2-4B78-40F0-B33F-5E56E840EF53}.Release|x86.ActiveCfg = Release|Any CPU
		{7D39CDA2-4B78-40F0-B33F-5E56E840EF53}.Release|x86.Build.0 = Release|Any CPU
		{B5A5ED72-C3F9-4912-810E-DA4A6FFC88DE}.Debug|Any CPU.ActiveCfg = Debug|Any CPU
		{B5A5ED72-C3F9-4912-810E-DA4A6FFC88DE}.Debug|Any CPU.Build.0 = Debug|Any CPU
		{B5A5ED72-C3F9-4912-810E-DA4A6FFC88DE}.Debug|ARM.ActiveCfg = Debug|Any CPU
		{B5A5ED72-C3F9-4912-810E-DA4A6FFC88DE}.Debug|ARM.Build.0 = Debug|Any CPU
		{B5A5ED72-C3F9-4912-810E-DA4A6FFC88DE}.Debug|x64.ActiveCfg = Debug|Any CPU
		{B5A5ED72-C3F9-4912-810E-DA4A6FFC88DE}.Debug|x64.Build.0 = Debug|Any CPU
		{B5A5ED72-C3F9-4912-810E-DA4A6FFC88DE}.Debug|x86.ActiveCfg = Debug|Any CPU
		{B5A5ED72-C3F9-4912-810E-DA4A6FFC88DE}.Debug|x86.Build.0 = Debug|Any CPU
		{B5A5ED72-C3F9-4912-810E-DA4A6FFC88DE}.Release|Any CPU.ActiveCfg = Release|Any CPU
		{B5A5ED72-C3F9-4912-810E-DA4A6FFC88DE}.Release|Any CPU.Build.0 = Release|Any CPU
		{B5A5ED72-C3F9-4912-810E-DA4A6FFC88DE}.Release|ARM.ActiveCfg = Release|Any CPU
		{B5A5ED72-C3F9-4912-810E-DA4A6FFC88DE}.Release|ARM.Build.0 = Release|Any CPU
		{B5A5ED72-C3F9-4912-810E-DA4A6FFC88DE}.Release|x64.ActiveCfg = Release|Any CPU
		{B5A5ED72-C3F9-4912-810E-DA4A6FFC88DE}.Release|x64.Build.0 = Release|Any CPU
		{B5A5ED72-C3F9-4912-810E-DA4A6FFC88DE}.Release|x86.ActiveCfg = Release|Any CPU
		{B5A5ED72-C3F9-4912-810E-DA4A6FFC88DE}.Release|x86.Build.0 = Release|Any CPU
		{0DB32F00-A6D8-44EE-B5B5-A9ECFC495469}.Debug|Any CPU.ActiveCfg = Debug|Any CPU
		{0DB32F00-A6D8-44EE-B5B5-A9ECFC495469}.Debug|Any CPU.Build.0 = Debug|Any CPU
		{0DB32F00-A6D8-44EE-B5B5-A9ECFC495469}.Debug|ARM.ActiveCfg = Debug|Any CPU
		{0DB32F00-A6D8-44EE-B5B5-A9ECFC495469}.Debug|ARM.Build.0 = Debug|Any CPU
		{0DB32F00-A6D8-44EE-B5B5-A9ECFC495469}.Debug|x64.ActiveCfg = Debug|Any CPU
		{0DB32F00-A6D8-44EE-B5B5-A9ECFC495469}.Debug|x64.Build.0 = Debug|Any CPU
		{0DB32F00-A6D8-44EE-B5B5-A9ECFC495469}.Debug|x86.ActiveCfg = Debug|Any CPU
		{0DB32F00-A6D8-44EE-B5B5-A9ECFC495469}.Debug|x86.Build.0 = Debug|Any CPU
		{0DB32F00-A6D8-44EE-B5B5-A9ECFC495469}.Release|Any CPU.ActiveCfg = Release|Any CPU
		{0DB32F00-A6D8-44EE-B5B5-A9ECFC495469}.Release|Any CPU.Build.0 = Release|Any CPU
		{0DB32F00-A6D8-44EE-B5B5-A9ECFC495469}.Release|ARM.ActiveCfg = Release|Any CPU
		{0DB32F00-A6D8-44EE-B5B5-A9ECFC495469}.Release|ARM.Build.0 = Release|Any CPU
		{0DB32F00-A6D8-44EE-B5B5-A9ECFC495469}.Release|x64.ActiveCfg = Release|Any CPU
		{0DB32F00-A6D8-44EE-B5B5-A9ECFC495469}.Release|x64.Build.0 = Release|Any CPU
		{0DB32F00-A6D8-44EE-B5B5-A9ECFC495469}.Release|x86.ActiveCfg = Release|Any CPU
		{0DB32F00-A6D8-44EE-B5B5-A9ECFC495469}.Release|x86.Build.0 = Release|Any CPU
		{9A940850-A7EF-42B3-B2F1-5DC73BACE869}.Debug|Any CPU.ActiveCfg = Debug|Any CPU
		{9A940850-A7EF-42B3-B2F1-5DC73BACE869}.Debug|Any CPU.Build.0 = Debug|Any CPU
		{9A940850-A7EF-42B3-B2F1-5DC73BACE869}.Debug|ARM.ActiveCfg = Debug|Any CPU
		{9A940850-A7EF-42B3-B2F1-5DC73BACE869}.Debug|ARM.Build.0 = Debug|Any CPU
		{9A940850-A7EF-42B3-B2F1-5DC73BACE869}.Debug|x64.ActiveCfg = Debug|Any CPU
		{9A940850-A7EF-42B3-B2F1-5DC73BACE869}.Debug|x64.Build.0 = Debug|Any CPU
		{9A940850-A7EF-42B3-B2F1-5DC73BACE869}.Debug|x86.ActiveCfg = Debug|Any CPU
		{9A940850-A7EF-42B3-B2F1-5DC73BACE869}.Debug|x86.Build.0 = Debug|Any CPU
		{9A940850-A7EF-42B3-B2F1-5DC73BACE869}.Release|Any CPU.ActiveCfg = Release|Any CPU
		{9A940850-A7EF-42B3-B2F1-5DC73BACE869}.Release|Any CPU.Build.0 = Release|Any CPU
		{9A940850-A7EF-42B3-B2F1-5DC73BACE869}.Release|ARM.ActiveCfg = Release|Any CPU
		{9A940850-A7EF-42B3-B2F1-5DC73BACE869}.Release|ARM.Build.0 = Release|Any CPU
		{9A940850-A7EF-42B3-B2F1-5DC73BACE869}.Release|x64.ActiveCfg = Release|Any CPU
		{9A940850-A7EF-42B3-B2F1-5DC73BACE869}.Release|x64.Build.0 = Release|Any CPU
		{9A940850-A7EF-42B3-B2F1-5DC73BACE869}.Release|x86.ActiveCfg = Release|Any CPU
		{9A940850-A7EF-42B3-B2F1-5DC73BACE869}.Release|x86.Build.0 = Release|Any CPU
		{DB99B176-3158-4270-B530-670D7E3FCFD0}.Debug|Any CPU.ActiveCfg = Debug|Any CPU
		{DB99B176-3158-4270-B530-670D7E3FCFD0}.Debug|Any CPU.Build.0 = Debug|Any CPU
		{DB99B176-3158-4270-B530-670D7E3FCFD0}.Debug|ARM.ActiveCfg = Debug|Any CPU
		{DB99B176-3158-4270-B530-670D7E3FCFD0}.Debug|ARM.Build.0 = Debug|Any CPU
		{DB99B176-3158-4270-B530-670D7E3FCFD0}.Debug|x64.ActiveCfg = Debug|Any CPU
		{DB99B176-3158-4270-B530-670D7E3FCFD0}.Debug|x64.Build.0 = Debug|Any CPU
		{DB99B176-3158-4270-B530-670D7E3FCFD0}.Debug|x86.ActiveCfg = Debug|Any CPU
		{DB99B176-3158-4270-B530-670D7E3FCFD0}.Debug|x86.Build.0 = Debug|Any CPU
		{DB99B176-3158-4270-B530-670D7E3FCFD0}.Release|Any CPU.ActiveCfg = Release|Any CPU
		{DB99B176-3158-4270-B530-670D7E3FCFD0}.Release|Any CPU.Build.0 = Release|Any CPU
		{DB99B176-3158-4270-B530-670D7E3FCFD0}.Release|ARM.ActiveCfg = Release|Any CPU
		{DB99B176-3158-4270-B530-670D7E3FCFD0}.Release|ARM.Build.0 = Release|Any CPU
		{DB99B176-3158-4270-B530-670D7E3FCFD0}.Release|x64.ActiveCfg = Release|Any CPU
		{DB99B176-3158-4270-B530-670D7E3FCFD0}.Release|x64.Build.0 = Release|Any CPU
		{DB99B176-3158-4270-B530-670D7E3FCFD0}.Release|x86.ActiveCfg = Release|Any CPU
		{DB99B176-3158-4270-B530-670D7E3FCFD0}.Release|x86.Build.0 = Release|Any CPU
		{CAC806D0-4DA3-4826-BE60-53E87CCB6956}.Debug|Any CPU.ActiveCfg = Debug|Any CPU
		{CAC806D0-4DA3-4826-BE60-53E87CCB6956}.Debug|Any CPU.Build.0 = Debug|Any CPU
		{CAC806D0-4DA3-4826-BE60-53E87CCB6956}.Debug|ARM.ActiveCfg = Debug|Any CPU
		{CAC806D0-4DA3-4826-BE60-53E87CCB6956}.Debug|ARM.Build.0 = Debug|Any CPU
		{CAC806D0-4DA3-4826-BE60-53E87CCB6956}.Debug|x64.ActiveCfg = Debug|Any CPU
		{CAC806D0-4DA3-4826-BE60-53E87CCB6956}.Debug|x64.Build.0 = Debug|Any CPU
		{CAC806D0-4DA3-4826-BE60-53E87CCB6956}.Debug|x86.ActiveCfg = Debug|Any CPU
		{CAC806D0-4DA3-4826-BE60-53E87CCB6956}.Debug|x86.Build.0 = Debug|Any CPU
		{CAC806D0-4DA3-4826-BE60-53E87CCB6956}.Release|Any CPU.ActiveCfg = Release|Any CPU
		{CAC806D0-4DA3-4826-BE60-53E87CCB6956}.Release|Any CPU.Build.0 = Release|Any CPU
		{CAC806D0-4DA3-4826-BE60-53E87CCB6956}.Release|ARM.ActiveCfg = Release|Any CPU
		{CAC806D0-4DA3-4826-BE60-53E87CCB6956}.Release|ARM.Build.0 = Release|Any CPU
		{CAC806D0-4DA3-4826-BE60-53E87CCB6956}.Release|x64.ActiveCfg = Release|Any CPU
		{CAC806D0-4DA3-4826-BE60-53E87CCB6956}.Release|x64.Build.0 = Release|Any CPU
		{CAC806D0-4DA3-4826-BE60-53E87CCB6956}.Release|x86.ActiveCfg = Release|Any CPU
		{CAC806D0-4DA3-4826-BE60-53E87CCB6956}.Release|x86.Build.0 = Release|Any CPU
		{6640D462-30E3-4CCF-AE09-358FE1C24076}.Debug|Any CPU.ActiveCfg = Debug|Any CPU
		{6640D462-30E3-4CCF-AE09-358FE1C24076}.Debug|Any CPU.Build.0 = Debug|Any CPU
		{6640D462-30E3-4CCF-AE09-358FE1C24076}.Debug|ARM.ActiveCfg = Debug|Any CPU
		{6640D462-30E3-4CCF-AE09-358FE1C24076}.Debug|ARM.Build.0 = Debug|Any CPU
		{6640D462-30E3-4CCF-AE09-358FE1C24076}.Debug|x64.ActiveCfg = Debug|Any CPU
		{6640D462-30E3-4CCF-AE09-358FE1C24076}.Debug|x64.Build.0 = Debug|Any CPU
		{6640D462-30E3-4CCF-AE09-358FE1C24076}.Debug|x86.ActiveCfg = Debug|Any CPU
		{6640D462-30E3-4CCF-AE09-358FE1C24076}.Debug|x86.Build.0 = Debug|Any CPU
		{6640D462-30E3-4CCF-AE09-358FE1C24076}.Release|Any CPU.ActiveCfg = Release|Any CPU
		{6640D462-30E3-4CCF-AE09-358FE1C24076}.Release|Any CPU.Build.0 = Release|Any CPU
		{6640D462-30E3-4CCF-AE09-358FE1C24076}.Release|ARM.ActiveCfg = Release|Any CPU
		{6640D462-30E3-4CCF-AE09-358FE1C24076}.Release|ARM.Build.0 = Release|Any CPU
		{6640D462-30E3-4CCF-AE09-358FE1C24076}.Release|x64.ActiveCfg = Release|Any CPU
		{6640D462-30E3-4CCF-AE09-358FE1C24076}.Release|x64.Build.0 = Release|Any CPU
		{6640D462-30E3-4CCF-AE09-358FE1C24076}.Release|x86.ActiveCfg = Release|Any CPU
		{6640D462-30E3-4CCF-AE09-358FE1C24076}.Release|x86.Build.0 = Release|Any CPU
		{6BB66BF9-20AE-410A-90B5-A8362CE03D84}.Debug|Any CPU.ActiveCfg = Debug|Any CPU
		{6BB66BF9-20AE-410A-90B5-A8362CE03D84}.Debug|Any CPU.Build.0 = Debug|Any CPU
		{6BB66BF9-20AE-410A-90B5-A8362CE03D84}.Debug|ARM.ActiveCfg = Debug|Any CPU
		{6BB66BF9-20AE-410A-90B5-A8362CE03D84}.Debug|ARM.Build.0 = Debug|Any CPU
		{6BB66BF9-20AE-410A-90B5-A8362CE03D84}.Debug|x64.ActiveCfg = Debug|Any CPU
		{6BB66BF9-20AE-410A-90B5-A8362CE03D84}.Debug|x64.Build.0 = Debug|Any CPU
		{6BB66BF9-20AE-410A-90B5-A8362CE03D84}.Debug|x86.ActiveCfg = Debug|Any CPU
		{6BB66BF9-20AE-410A-90B5-A8362CE03D84}.Debug|x86.Build.0 = Debug|Any CPU
		{6BB66BF9-20AE-410A-90B5-A8362CE03D84}.Release|Any CPU.ActiveCfg = Release|Any CPU
		{6BB66BF9-20AE-410A-90B5-A8362CE03D84}.Release|Any CPU.Build.0 = Release|Any CPU
		{6BB66BF9-20AE-410A-90B5-A8362CE03D84}.Release|ARM.ActiveCfg = Release|Any CPU
		{6BB66BF9-20AE-410A-90B5-A8362CE03D84}.Release|ARM.Build.0 = Release|Any CPU
		{6BB66BF9-20AE-410A-90B5-A8362CE03D84}.Release|x64.ActiveCfg = Release|Any CPU
		{6BB66BF9-20AE-410A-90B5-A8362CE03D84}.Release|x64.Build.0 = Release|Any CPU
		{6BB66BF9-20AE-410A-90B5-A8362CE03D84}.Release|x86.ActiveCfg = Release|Any CPU
		{6BB66BF9-20AE-410A-90B5-A8362CE03D84}.Release|x86.Build.0 = Release|Any CPU
		{C2DF4B74-6538-4B5C-8F41-6A0CF6EA1249}.Debug|Any CPU.ActiveCfg = Debug|Any CPU
		{C2DF4B74-6538-4B5C-8F41-6A0CF6EA1249}.Debug|Any CPU.Build.0 = Debug|Any CPU
		{C2DF4B74-6538-4B5C-8F41-6A0CF6EA1249}.Debug|ARM.ActiveCfg = Debug|Any CPU
		{C2DF4B74-6538-4B5C-8F41-6A0CF6EA1249}.Debug|ARM.Build.0 = Debug|Any CPU
		{C2DF4B74-6538-4B5C-8F41-6A0CF6EA1249}.Debug|x64.ActiveCfg = Debug|Any CPU
		{C2DF4B74-6538-4B5C-8F41-6A0CF6EA1249}.Debug|x64.Build.0 = Debug|Any CPU
		{C2DF4B74-6538-4B5C-8F41-6A0CF6EA1249}.Debug|x86.ActiveCfg = Debug|Any CPU
		{C2DF4B74-6538-4B5C-8F41-6A0CF6EA1249}.Debug|x86.Build.0 = Debug|Any CPU
		{C2DF4B74-6538-4B5C-8F41-6A0CF6EA1249}.Release|Any CPU.ActiveCfg = Release|Any CPU
		{C2DF4B74-6538-4B5C-8F41-6A0CF6EA1249}.Release|Any CPU.Build.0 = Release|Any CPU
		{C2DF4B74-6538-4B5C-8F41-6A0CF6EA1249}.Release|ARM.ActiveCfg = Release|Any CPU
		{C2DF4B74-6538-4B5C-8F41-6A0CF6EA1249}.Release|ARM.Build.0 = Release|Any CPU
		{C2DF4B74-6538-4B5C-8F41-6A0CF6EA1249}.Release|x64.ActiveCfg = Release|Any CPU
		{C2DF4B74-6538-4B5C-8F41-6A0CF6EA1249}.Release|x64.Build.0 = Release|Any CPU
		{C2DF4B74-6538-4B5C-8F41-6A0CF6EA1249}.Release|x86.ActiveCfg = Release|Any CPU
		{C2DF4B74-6538-4B5C-8F41-6A0CF6EA1249}.Release|x86.Build.0 = Release|Any CPU
	EndGlobalSection
	GlobalSection(SolutionProperties) = preSolution
		HideSolutionNode = FALSE
	EndGlobalSection
	GlobalSection(NestedProjects) = preSolution
		{5A871E8A-69FF-4338-A42F-30305B18FAE9} = {356D8E26-8DAD-4414-BFF1-F84E3E1D840E}
		{CB43BDB1-2FD8-4180-90B8-E83E4CDBE55A} = {356D8E26-8DAD-4414-BFF1-F84E3E1D840E}
		{9388A4CB-D45C-495A-AC54-0D40116AC1A2} = {356D8E26-8DAD-4414-BFF1-F84E3E1D840E}
		{448538B9-DD05-44E4-BB1A-E367414BDA97} = {84CE3BD5-DF6E-440B-A88C-19AA396A2FDC}
		{E9104692-C928-46A5-B01D-C3E48D9F87C9} = {BED8DD7A-AA8A-483F-98F7-F300EB964963}
		{93F49A76-4D66-42BB-89F4-31CCC2B2C9FA} = {BED8DD7A-AA8A-483F-98F7-F300EB964963}
		{F240EBFC-C309-4D05-BC87-5E7143B351D3} = {BED8DD7A-AA8A-483F-98F7-F300EB964963}
		{E6DDE9DC-2F92-46B0-8143-A6EF12F30DB0} = {CABE8206-52A3-4D4C-B44D-B9D9DA1E5CA8}
		{58DE8AB4-B69F-499C-BCF6-B5720B88ECC4} = {E63722DB-F1D7-4CFE-903B-D3D1320E118B}
		{08EB5287-A4A9-4E23-B0A6-5F6BC186B5E6} = {D3B6AB42-14A1-4FF3-B2BB-AB397EE657FB}
		{42A82700-3B9B-4D07-AA62-095BFA1096A0} = {D3B6AB42-14A1-4FF3-B2BB-AB397EE657FB}
		{36250D0E-E6C6-4FA1-B41C-4B757DB7FA9F} = {E63722DB-F1D7-4CFE-903B-D3D1320E118B}
		{F101A003-580E-4616-A9D4-B4CFAE1F629E} = {E63722DB-F1D7-4CFE-903B-D3D1320E118B}
		{B16EC094-764B-4148-9C5A-2D6D1F8358B6} = {D3B6AB42-14A1-4FF3-B2BB-AB397EE657FB}
		{DE1C3ED3-3D02-4894-A079-57775F53DD49} = {C682C0AA-AF48-4848-A44F-949DD7D5607F}
		{F3E484D4-3940-4266-8794-5CEDDAC96477} = {C682C0AA-AF48-4848-A44F-949DD7D5607F}
		{6FE79205-77CE-4402-9558-919D283DCA19} = {C682C0AA-AF48-4848-A44F-949DD7D5607F}
		{F5E2C5AC-DCF0-478C-9254-5BFEA7BA840D} = {FE55F8C1-16DF-470D-AB37-DBD7ABA5ADDC}
		{DEBDA63B-83DC-43A6-B887-4120A992FC5E} = {FE55F8C1-16DF-470D-AB37-DBD7ABA5ADDC}
		{9F668772-5883-446E-9660-847254016E0E} = {FE55F8C1-16DF-470D-AB37-DBD7ABA5ADDC}
		{64072079-CADD-414A-BAA5-49E604733D47} = {CC7B2D2B-5F5F-42A0-8902-1FF635DACE54}
		{7D39CDA2-4B78-40F0-B33F-5E56E840EF53} = {CC7B2D2B-5F5F-42A0-8902-1FF635DACE54}
		{B5A5ED72-C3F9-4912-810E-DA4A6FFC88DE} = {CC7B2D2B-5F5F-42A0-8902-1FF635DACE54}
		{0DB32F00-A6D8-44EE-B5B5-A9ECFC495469} = {D4712E11-05E8-47EC-82FB-E5A85FCE5A80}
		{9A940850-A7EF-42B3-B2F1-5DC73BACE869} = {D4712E11-05E8-47EC-82FB-E5A85FCE5A80}
		{DB99B176-3158-4270-B530-670D7E3FCFD0} = {D4712E11-05E8-47EC-82FB-E5A85FCE5A80}
		{CAC806D0-4DA3-4826-BE60-53E87CCB6956} = {0BF95E74-85A2-4089-8252-B01A5266BB03}
		{6640D462-30E3-4CCF-AE09-358FE1C24076} = {0BF95E74-85A2-4089-8252-B01A5266BB03}
	EndGlobalSection
	GlobalSection(ExtensibilityGlobals) = postSolution
		SolutionGuid = {DD70DF74-4FDA-48C1-8C85-D1B0880CFFFE}
	EndGlobalSection
EndGlobal
