
Microsoft Visual Studio Solution File, Format Version 12.00
# Visual Studio 15
VisualStudioVersion = 15.0.27130.2027
MinimumVisualStudioVersion = 10.0.40219.1
Project("{FAE04EC0-301F-11D3-BF4B-00C04F79EFBC}") = "DepartmentDesktop", "DepartmentDesktop\DepartmentDesktop.csproj", "{E7AFE5A3-0A16-45FA-B89F-1C4103218AAE}"
EndProject
Project("{FAE04EC0-301F-11D3-BF4B-00C04F79EFBC}") = "DepartmentService", "DepartmentService\DepartmentService.csproj", "{CFADD84C-FC9E-4BA7-851E-C6A8924AA5F7}"
EndProject
Project("{FAE04EC0-301F-11D3-BF4B-00C04F79EFBC}") = "DepartmentModel", "DepartmentModel\DepartmentModel.csproj", "{CDF98BDC-D831-44D1-8348-146219F42D2C}"
EndProject
Project("{FAE04EC0-301F-11D3-BF4B-00C04F79EFBC}") = "DepartmentTablet", "DepartmentTablet\DepartmentTablet.csproj", "{6B3016D0-4F7D-4B1C-99A9-1D7F64626E89}"
EndProject
Project("{FAE04EC0-301F-11D3-BF4B-00C04F79EFBC}") = "DepartmentUniversalTablet", "DepartmentUniversalTablet\DepartmentUniversalTablet.csproj", "{1DB13F83-C317-42A8-8FC9-13D6346AA96C}"
EndProject
Project("{2150E333-8FDC-42A3-9474-1A3956D46DE8}") = "TicketComponent", "TicketComponent", "{FCDDEB4F-3FE7-4E70-93AF-B85813862603}"
EndProject
Project("{FAE04EC0-301F-11D3-BF4B-00C04F79EFBC}") = "TicketModels", "TicketModels\TicketModels.csproj", "{A0EC04B3-171D-4FA9-9EA8-FA9E8EC2307E}"
EndProject
Project("{FAE04EC0-301F-11D3-BF4B-00C04F79EFBC}") = "TicketServiceInterfaces", "TicketServiceInterfaces\TicketServiceInterfaces.csproj", "{CEC9109F-3A72-48BF-89C5-0D3E31D6DA88}"
EndProject
Project("{FAE04EC0-301F-11D3-BF4B-00C04F79EFBC}") = "DepartmentContext", "DepartmentContext\DepartmentContext.csproj", "{3C73F60D-B076-4676-943A-340477DACCB4}"
EndProject
Project("{2150E333-8FDC-42A3-9474-1A3956D46DE8}") = "AuthenticationComponent", "AuthenticationComponent", "{C4EA16C3-F84A-4086-B060-45D427F56A79}"
EndProject
Project("{FAE04EC0-301F-11D3-BF4B-00C04F79EFBC}") = "AuthenticationModels", "AuthenticationModels\AuthenticationModels.csproj", "{B8F97CE3-C035-4FC7-A316-877610E7ADF4}"
EndProject
Project("{2150E333-8FDC-42A3-9474-1A3956D46DE8}") = "ScheduleComponent", "ScheduleComponent", "{209939C7-9B0E-4E47-A603-23B363E1ABAF}"
EndProject
Project("{FAE04EC0-301F-11D3-BF4B-00C04F79EFBC}") = "ScheduleModels", "ScheduleModels\ScheduleModels.csproj", "{D2C98509-F679-42F4-926A-37D069799598}"
EndProject
Project("{FAE04EC0-301F-11D3-BF4B-00C04F79EFBC}") = "ScheduleServiceInterfaces", "ScheduleServiceInterfaces\ScheduleServiceInterfaces.csproj", "{8AF59760-0F82-4E1A-A902-6315BC5743B9}"
EndProject
Project("{FAE04EC0-301F-11D3-BF4B-00C04F79EFBC}") = "ScheduleServiceImplementations", "ScheduleServiceImplementations\ScheduleServiceImplementations.csproj", "{F56CB889-1FDB-4439-8D88-B4FDA764FC59}"
EndProject
Project("{FAE04EC0-301F-11D3-BF4B-00C04F79EFBC}") = "TicketServiceImplementations", "TicketServiceImplementations\TicketServiceImplementations.csproj", "{35FBB585-E28B-40F7-AD9A-AEDD7BB3853A}"
EndProject
Project("{FAE04EC0-301F-11D3-BF4B-00C04F79EFBC}") = "AuthenticationServiceInterfaces", "AuthenticationServiceInterfaces\AuthenticationServiceInterfaces.csproj", "{265CB11F-BAAB-4E5F-A639-F907F3DD8C15}"
EndProject
Project("{FAE04EC0-301F-11D3-BF4B-00C04F79EFBC}") = "AuthenticationServiceImplementations", "AuthenticationServiceImplementations\AuthenticationServiceImplementations.csproj", "{2C74A2F4-AD9B-4EAF-992E-4D82B7C59591}"
EndProject
Project("{FAE04EC0-301F-11D3-BF4B-00C04F79EFBC}") = "TicketViews", "TicketViews\TicketViews.csproj", "{B27BAF0F-F054-49D6-89FD-C4CBFD9E3655}"
EndProject
Project("{2150E333-8FDC-42A3-9474-1A3956D46DE8}") = "Core", "Core", "{84CE3BD5-DF6E-440B-A88C-19AA396A2FDC}"
EndProject
Project("{2150E333-8FDC-42A3-9474-1A3956D46DE8}") = "AcademicYear", "AcademicYear", "{D3B6AB42-14A1-4FF3-B2BB-AB397EE657FB}"
EndProject
Project("{2150E333-8FDC-42A3-9474-1A3956D46DE8}") = "Authentication", "Authentication", "{356D8E26-8DAD-4414-BFF1-F84E3E1D840E}"
EndProject
Project("{9A19103F-16F7-4668-BE54-9A1E7A4F7556}") = "Models", "Core\Models\Models.csproj", "{44BE06DA-6E7E-4F9D-A372-D1A0CA7615CF}"
EndProject
Project("{9A19103F-16F7-4668-BE54-9A1E7A4F7556}") = "DatabaseContext", "Core\DatabaseContext\DatabaseContext.csproj", "{E1894E2C-6C75-4814-A258-B1CBE3749480}"
EndProject
Project("{9A19103F-16F7-4668-BE54-9A1E7A4F7556}") = "ConsoleMigrationApp", "Core\ConsoleMigrationApp\ConsoleMigrationApp.csproj", "{6CA5A7FC-5623-4261-842C-424EA412C8BF}"
EndProject
Project("{9A19103F-16F7-4668-BE54-9A1E7A4F7556}") = "AuthenticationInterfaces", "Authentication\AuthenticationInterfaces\AuthenticationInterfaces.csproj", "{5A871E8A-69FF-4338-A42F-30305B18FAE9}"
EndProject
Project("{9A19103F-16F7-4668-BE54-9A1E7A4F7556}") = "Interfaces", "Core\Interfaces\Interfaces.csproj", "{CDE8A65C-BE5E-4CD7-B471-FD9A6B9FA36E}"
EndProject
Project("{FAE04EC0-301F-11D3-BF4B-00C04F79EFBC}") = "Implementations", "Core\Implementations\Implementations.csproj", "{8143F188-F7E5-49B3-BA3F-24C9BAEEAFA0}"
EndProject
Project("{FAE04EC0-301F-11D3-BF4B-00C04F79EFBC}") = "AuthenticationImplementations", "Authentication\AuthenticationImplementations\AuthenticationImplementations.csproj", "{CB43BDB1-2FD8-4180-90B8-E83E4CDBE55A}"
EndProject
Global
	GlobalSection(SolutionConfigurationPlatforms) = preSolution
		Debug|Any CPU = Debug|Any CPU
		Debug|ARM = Debug|ARM
		Debug|x64 = Debug|x64
		Debug|x86 = Debug|x86
		Release|Any CPU = Release|Any CPU
		Release|ARM = Release|ARM
		Release|x64 = Release|x64
		Release|x86 = Release|x86
	EndGlobalSection
	GlobalSection(ProjectConfigurationPlatforms) = postSolution
		{E7AFE5A3-0A16-45FA-B89F-1C4103218AAE}.Debug|Any CPU.ActiveCfg = Debug|Any CPU
		{E7AFE5A3-0A16-45FA-B89F-1C4103218AAE}.Debug|Any CPU.Build.0 = Debug|Any CPU
		{E7AFE5A3-0A16-45FA-B89F-1C4103218AAE}.Debug|ARM.ActiveCfg = Debug|Any CPU
		{E7AFE5A3-0A16-45FA-B89F-1C4103218AAE}.Debug|ARM.Build.0 = Debug|Any CPU
		{E7AFE5A3-0A16-45FA-B89F-1C4103218AAE}.Debug|x64.ActiveCfg = Debug|Any CPU
		{E7AFE5A3-0A16-45FA-B89F-1C4103218AAE}.Debug|x64.Build.0 = Debug|Any CPU
		{E7AFE5A3-0A16-45FA-B89F-1C4103218AAE}.Debug|x86.ActiveCfg = Debug|Any CPU
		{E7AFE5A3-0A16-45FA-B89F-1C4103218AAE}.Debug|x86.Build.0 = Debug|Any CPU
		{E7AFE5A3-0A16-45FA-B89F-1C4103218AAE}.Release|Any CPU.ActiveCfg = Release|Any CPU
		{E7AFE5A3-0A16-45FA-B89F-1C4103218AAE}.Release|Any CPU.Build.0 = Release|Any CPU
		{E7AFE5A3-0A16-45FA-B89F-1C4103218AAE}.Release|ARM.ActiveCfg = Release|Any CPU
		{E7AFE5A3-0A16-45FA-B89F-1C4103218AAE}.Release|ARM.Build.0 = Release|Any CPU
		{E7AFE5A3-0A16-45FA-B89F-1C4103218AAE}.Release|x64.ActiveCfg = Release|Any CPU
		{E7AFE5A3-0A16-45FA-B89F-1C4103218AAE}.Release|x64.Build.0 = Release|Any CPU
		{E7AFE5A3-0A16-45FA-B89F-1C4103218AAE}.Release|x86.ActiveCfg = Release|Any CPU
		{E7AFE5A3-0A16-45FA-B89F-1C4103218AAE}.Release|x86.Build.0 = Release|Any CPU
		{CFADD84C-FC9E-4BA7-851E-C6A8924AA5F7}.Debug|Any CPU.ActiveCfg = Debug|Any CPU
		{CFADD84C-FC9E-4BA7-851E-C6A8924AA5F7}.Debug|Any CPU.Build.0 = Debug|Any CPU
		{CFADD84C-FC9E-4BA7-851E-C6A8924AA5F7}.Debug|ARM.ActiveCfg = Debug|Any CPU
		{CFADD84C-FC9E-4BA7-851E-C6A8924AA5F7}.Debug|ARM.Build.0 = Debug|Any CPU
		{CFADD84C-FC9E-4BA7-851E-C6A8924AA5F7}.Debug|x64.ActiveCfg = Debug|Any CPU
		{CFADD84C-FC9E-4BA7-851E-C6A8924AA5F7}.Debug|x64.Build.0 = Debug|Any CPU
		{CFADD84C-FC9E-4BA7-851E-C6A8924AA5F7}.Debug|x86.ActiveCfg = Debug|Any CPU
		{CFADD84C-FC9E-4BA7-851E-C6A8924AA5F7}.Debug|x86.Build.0 = Debug|Any CPU
		{CFADD84C-FC9E-4BA7-851E-C6A8924AA5F7}.Release|Any CPU.ActiveCfg = Release|Any CPU
		{CFADD84C-FC9E-4BA7-851E-C6A8924AA5F7}.Release|Any CPU.Build.0 = Release|Any CPU
		{CFADD84C-FC9E-4BA7-851E-C6A8924AA5F7}.Release|ARM.ActiveCfg = Release|Any CPU
		{CFADD84C-FC9E-4BA7-851E-C6A8924AA5F7}.Release|ARM.Build.0 = Release|Any CPU
		{CFADD84C-FC9E-4BA7-851E-C6A8924AA5F7}.Release|x64.ActiveCfg = Release|Any CPU
		{CFADD84C-FC9E-4BA7-851E-C6A8924AA5F7}.Release|x64.Build.0 = Release|Any CPU
		{CFADD84C-FC9E-4BA7-851E-C6A8924AA5F7}.Release|x86.ActiveCfg = Release|Any CPU
		{CFADD84C-FC9E-4BA7-851E-C6A8924AA5F7}.Release|x86.Build.0 = Release|Any CPU
		{CDF98BDC-D831-44D1-8348-146219F42D2C}.Debug|Any CPU.ActiveCfg = Debug|Any CPU
		{CDF98BDC-D831-44D1-8348-146219F42D2C}.Debug|Any CPU.Build.0 = Debug|Any CPU
		{CDF98BDC-D831-44D1-8348-146219F42D2C}.Debug|ARM.ActiveCfg = Debug|Any CPU
		{CDF98BDC-D831-44D1-8348-146219F42D2C}.Debug|ARM.Build.0 = Debug|Any CPU
		{CDF98BDC-D831-44D1-8348-146219F42D2C}.Debug|x64.ActiveCfg = Debug|Any CPU
		{CDF98BDC-D831-44D1-8348-146219F42D2C}.Debug|x64.Build.0 = Debug|Any CPU
		{CDF98BDC-D831-44D1-8348-146219F42D2C}.Debug|x86.ActiveCfg = Debug|Any CPU
		{CDF98BDC-D831-44D1-8348-146219F42D2C}.Debug|x86.Build.0 = Debug|Any CPU
		{CDF98BDC-D831-44D1-8348-146219F42D2C}.Release|Any CPU.ActiveCfg = Release|Any CPU
		{CDF98BDC-D831-44D1-8348-146219F42D2C}.Release|Any CPU.Build.0 = Release|Any CPU
		{CDF98BDC-D831-44D1-8348-146219F42D2C}.Release|ARM.ActiveCfg = Release|Any CPU
		{CDF98BDC-D831-44D1-8348-146219F42D2C}.Release|ARM.Build.0 = Release|Any CPU
		{CDF98BDC-D831-44D1-8348-146219F42D2C}.Release|x64.ActiveCfg = Release|Any CPU
		{CDF98BDC-D831-44D1-8348-146219F42D2C}.Release|x64.Build.0 = Release|Any CPU
		{CDF98BDC-D831-44D1-8348-146219F42D2C}.Release|x86.ActiveCfg = Release|Any CPU
		{CDF98BDC-D831-44D1-8348-146219F42D2C}.Release|x86.Build.0 = Release|Any CPU
		{6B3016D0-4F7D-4B1C-99A9-1D7F64626E89}.Debug|Any CPU.ActiveCfg = Debug|Any CPU
		{6B3016D0-4F7D-4B1C-99A9-1D7F64626E89}.Debug|Any CPU.Build.0 = Debug|Any CPU
		{6B3016D0-4F7D-4B1C-99A9-1D7F64626E89}.Debug|ARM.ActiveCfg = Debug|Any CPU
		{6B3016D0-4F7D-4B1C-99A9-1D7F64626E89}.Debug|ARM.Build.0 = Debug|Any CPU
		{6B3016D0-4F7D-4B1C-99A9-1D7F64626E89}.Debug|x64.ActiveCfg = Debug|Any CPU
		{6B3016D0-4F7D-4B1C-99A9-1D7F64626E89}.Debug|x64.Build.0 = Debug|Any CPU
		{6B3016D0-4F7D-4B1C-99A9-1D7F64626E89}.Debug|x86.ActiveCfg = Debug|Any CPU
		{6B3016D0-4F7D-4B1C-99A9-1D7F64626E89}.Debug|x86.Build.0 = Debug|Any CPU
		{6B3016D0-4F7D-4B1C-99A9-1D7F64626E89}.Release|Any CPU.ActiveCfg = Release|Any CPU
		{6B3016D0-4F7D-4B1C-99A9-1D7F64626E89}.Release|Any CPU.Build.0 = Release|Any CPU
		{6B3016D0-4F7D-4B1C-99A9-1D7F64626E89}.Release|ARM.ActiveCfg = Release|Any CPU
		{6B3016D0-4F7D-4B1C-99A9-1D7F64626E89}.Release|ARM.Build.0 = Release|Any CPU
		{6B3016D0-4F7D-4B1C-99A9-1D7F64626E89}.Release|x64.ActiveCfg = Release|Any CPU
		{6B3016D0-4F7D-4B1C-99A9-1D7F64626E89}.Release|x64.Build.0 = Release|Any CPU
		{6B3016D0-4F7D-4B1C-99A9-1D7F64626E89}.Release|x86.ActiveCfg = Release|Any CPU
		{6B3016D0-4F7D-4B1C-99A9-1D7F64626E89}.Release|x86.Build.0 = Release|Any CPU
		{1DB13F83-C317-42A8-8FC9-13D6346AA96C}.Debug|Any CPU.ActiveCfg = Debug|x86
		{1DB13F83-C317-42A8-8FC9-13D6346AA96C}.Debug|ARM.ActiveCfg = Debug|ARM
		{1DB13F83-C317-42A8-8FC9-13D6346AA96C}.Debug|ARM.Build.0 = Debug|ARM
		{1DB13F83-C317-42A8-8FC9-13D6346AA96C}.Debug|ARM.Deploy.0 = Debug|ARM
		{1DB13F83-C317-42A8-8FC9-13D6346AA96C}.Debug|x64.ActiveCfg = Debug|x64
		{1DB13F83-C317-42A8-8FC9-13D6346AA96C}.Debug|x64.Build.0 = Debug|x64
		{1DB13F83-C317-42A8-8FC9-13D6346AA96C}.Debug|x64.Deploy.0 = Debug|x64
		{1DB13F83-C317-42A8-8FC9-13D6346AA96C}.Debug|x86.ActiveCfg = Debug|x86
		{1DB13F83-C317-42A8-8FC9-13D6346AA96C}.Debug|x86.Build.0 = Debug|x86
		{1DB13F83-C317-42A8-8FC9-13D6346AA96C}.Debug|x86.Deploy.0 = Debug|x86
		{1DB13F83-C317-42A8-8FC9-13D6346AA96C}.Release|Any CPU.ActiveCfg = Release|x86
		{1DB13F83-C317-42A8-8FC9-13D6346AA96C}.Release|ARM.ActiveCfg = Release|ARM
		{1DB13F83-C317-42A8-8FC9-13D6346AA96C}.Release|ARM.Build.0 = Release|ARM
		{1DB13F83-C317-42A8-8FC9-13D6346AA96C}.Release|ARM.Deploy.0 = Release|ARM
		{1DB13F83-C317-42A8-8FC9-13D6346AA96C}.Release|x64.ActiveCfg = Release|x64
		{1DB13F83-C317-42A8-8FC9-13D6346AA96C}.Release|x64.Build.0 = Release|x64
		{1DB13F83-C317-42A8-8FC9-13D6346AA96C}.Release|x64.Deploy.0 = Release|x64
		{1DB13F83-C317-42A8-8FC9-13D6346AA96C}.Release|x86.ActiveCfg = Release|x86
		{1DB13F83-C317-42A8-8FC9-13D6346AA96C}.Release|x86.Build.0 = Release|x86
		{1DB13F83-C317-42A8-8FC9-13D6346AA96C}.Release|x86.Deploy.0 = Release|x86
		{A0EC04B3-171D-4FA9-9EA8-FA9E8EC2307E}.Debug|Any CPU.ActiveCfg = Debug|Any CPU
		{A0EC04B3-171D-4FA9-9EA8-FA9E8EC2307E}.Debug|Any CPU.Build.0 = Debug|Any CPU
		{A0EC04B3-171D-4FA9-9EA8-FA9E8EC2307E}.Debug|ARM.ActiveCfg = Debug|Any CPU
		{A0EC04B3-171D-4FA9-9EA8-FA9E8EC2307E}.Debug|ARM.Build.0 = Debug|Any CPU
		{A0EC04B3-171D-4FA9-9EA8-FA9E8EC2307E}.Debug|x64.ActiveCfg = Debug|Any CPU
		{A0EC04B3-171D-4FA9-9EA8-FA9E8EC2307E}.Debug|x64.Build.0 = Debug|Any CPU
		{A0EC04B3-171D-4FA9-9EA8-FA9E8EC2307E}.Debug|x86.ActiveCfg = Debug|Any CPU
		{A0EC04B3-171D-4FA9-9EA8-FA9E8EC2307E}.Debug|x86.Build.0 = Debug|Any CPU
		{A0EC04B3-171D-4FA9-9EA8-FA9E8EC2307E}.Release|Any CPU.ActiveCfg = Release|Any CPU
		{A0EC04B3-171D-4FA9-9EA8-FA9E8EC2307E}.Release|Any CPU.Build.0 = Release|Any CPU
		{A0EC04B3-171D-4FA9-9EA8-FA9E8EC2307E}.Release|ARM.ActiveCfg = Release|Any CPU
		{A0EC04B3-171D-4FA9-9EA8-FA9E8EC2307E}.Release|ARM.Build.0 = Release|Any CPU
		{A0EC04B3-171D-4FA9-9EA8-FA9E8EC2307E}.Release|x64.ActiveCfg = Release|Any CPU
		{A0EC04B3-171D-4FA9-9EA8-FA9E8EC2307E}.Release|x64.Build.0 = Release|Any CPU
		{A0EC04B3-171D-4FA9-9EA8-FA9E8EC2307E}.Release|x86.ActiveCfg = Release|Any CPU
		{A0EC04B3-171D-4FA9-9EA8-FA9E8EC2307E}.Release|x86.Build.0 = Release|Any CPU
		{CEC9109F-3A72-48BF-89C5-0D3E31D6DA88}.Debug|Any CPU.ActiveCfg = Debug|Any CPU
		{CEC9109F-3A72-48BF-89C5-0D3E31D6DA88}.Debug|Any CPU.Build.0 = Debug|Any CPU
		{CEC9109F-3A72-48BF-89C5-0D3E31D6DA88}.Debug|ARM.ActiveCfg = Debug|Any CPU
		{CEC9109F-3A72-48BF-89C5-0D3E31D6DA88}.Debug|ARM.Build.0 = Debug|Any CPU
		{CEC9109F-3A72-48BF-89C5-0D3E31D6DA88}.Debug|x64.ActiveCfg = Debug|Any CPU
		{CEC9109F-3A72-48BF-89C5-0D3E31D6DA88}.Debug|x64.Build.0 = Debug|Any CPU
		{CEC9109F-3A72-48BF-89C5-0D3E31D6DA88}.Debug|x86.ActiveCfg = Debug|Any CPU
		{CEC9109F-3A72-48BF-89C5-0D3E31D6DA88}.Debug|x86.Build.0 = Debug|Any CPU
		{CEC9109F-3A72-48BF-89C5-0D3E31D6DA88}.Release|Any CPU.ActiveCfg = Release|Any CPU
		{CEC9109F-3A72-48BF-89C5-0D3E31D6DA88}.Release|Any CPU.Build.0 = Release|Any CPU
		{CEC9109F-3A72-48BF-89C5-0D3E31D6DA88}.Release|ARM.ActiveCfg = Release|Any CPU
		{CEC9109F-3A72-48BF-89C5-0D3E31D6DA88}.Release|ARM.Build.0 = Release|Any CPU
		{CEC9109F-3A72-48BF-89C5-0D3E31D6DA88}.Release|x64.ActiveCfg = Release|Any CPU
		{CEC9109F-3A72-48BF-89C5-0D3E31D6DA88}.Release|x64.Build.0 = Release|Any CPU
		{CEC9109F-3A72-48BF-89C5-0D3E31D6DA88}.Release|x86.ActiveCfg = Release|Any CPU
		{CEC9109F-3A72-48BF-89C5-0D3E31D6DA88}.Release|x86.Build.0 = Release|Any CPU
		{3C73F60D-B076-4676-943A-340477DACCB4}.Debug|Any CPU.ActiveCfg = Debug|Any CPU
		{3C73F60D-B076-4676-943A-340477DACCB4}.Debug|Any CPU.Build.0 = Debug|Any CPU
		{3C73F60D-B076-4676-943A-340477DACCB4}.Debug|ARM.ActiveCfg = Debug|Any CPU
		{3C73F60D-B076-4676-943A-340477DACCB4}.Debug|ARM.Build.0 = Debug|Any CPU
		{3C73F60D-B076-4676-943A-340477DACCB4}.Debug|x64.ActiveCfg = Debug|Any CPU
		{3C73F60D-B076-4676-943A-340477DACCB4}.Debug|x64.Build.0 = Debug|Any CPU
		{3C73F60D-B076-4676-943A-340477DACCB4}.Debug|x86.ActiveCfg = Debug|Any CPU
		{3C73F60D-B076-4676-943A-340477DACCB4}.Debug|x86.Build.0 = Debug|Any CPU
		{3C73F60D-B076-4676-943A-340477DACCB4}.Release|Any CPU.ActiveCfg = Release|Any CPU
		{3C73F60D-B076-4676-943A-340477DACCB4}.Release|Any CPU.Build.0 = Release|Any CPU
		{3C73F60D-B076-4676-943A-340477DACCB4}.Release|ARM.ActiveCfg = Release|Any CPU
		{3C73F60D-B076-4676-943A-340477DACCB4}.Release|ARM.Build.0 = Release|Any CPU
		{3C73F60D-B076-4676-943A-340477DACCB4}.Release|x64.ActiveCfg = Release|Any CPU
		{3C73F60D-B076-4676-943A-340477DACCB4}.Release|x64.Build.0 = Release|Any CPU
		{3C73F60D-B076-4676-943A-340477DACCB4}.Release|x86.ActiveCfg = Release|Any CPU
		{3C73F60D-B076-4676-943A-340477DACCB4}.Release|x86.Build.0 = Release|Any CPU
		{B8F97CE3-C035-4FC7-A316-877610E7ADF4}.Debug|Any CPU.ActiveCfg = Debug|Any CPU
		{B8F97CE3-C035-4FC7-A316-877610E7ADF4}.Debug|Any CPU.Build.0 = Debug|Any CPU
		{B8F97CE3-C035-4FC7-A316-877610E7ADF4}.Debug|ARM.ActiveCfg = Debug|Any CPU
		{B8F97CE3-C035-4FC7-A316-877610E7ADF4}.Debug|ARM.Build.0 = Debug|Any CPU
		{B8F97CE3-C035-4FC7-A316-877610E7ADF4}.Debug|x64.ActiveCfg = Debug|Any CPU
		{B8F97CE3-C035-4FC7-A316-877610E7ADF4}.Debug|x64.Build.0 = Debug|Any CPU
		{B8F97CE3-C035-4FC7-A316-877610E7ADF4}.Debug|x86.ActiveCfg = Debug|Any CPU
		{B8F97CE3-C035-4FC7-A316-877610E7ADF4}.Debug|x86.Build.0 = Debug|Any CPU
		{B8F97CE3-C035-4FC7-A316-877610E7ADF4}.Release|Any CPU.ActiveCfg = Release|Any CPU
		{B8F97CE3-C035-4FC7-A316-877610E7ADF4}.Release|Any CPU.Build.0 = Release|Any CPU
		{B8F97CE3-C035-4FC7-A316-877610E7ADF4}.Release|ARM.ActiveCfg = Release|Any CPU
		{B8F97CE3-C035-4FC7-A316-877610E7ADF4}.Release|ARM.Build.0 = Release|Any CPU
		{B8F97CE3-C035-4FC7-A316-877610E7ADF4}.Release|x64.ActiveCfg = Release|Any CPU
		{B8F97CE3-C035-4FC7-A316-877610E7ADF4}.Release|x64.Build.0 = Release|Any CPU
		{B8F97CE3-C035-4FC7-A316-877610E7ADF4}.Release|x86.ActiveCfg = Release|Any CPU
		{B8F97CE3-C035-4FC7-A316-877610E7ADF4}.Release|x86.Build.0 = Release|Any CPU
		{D2C98509-F679-42F4-926A-37D069799598}.Debug|Any CPU.ActiveCfg = Debug|Any CPU
		{D2C98509-F679-42F4-926A-37D069799598}.Debug|Any CPU.Build.0 = Debug|Any CPU
		{D2C98509-F679-42F4-926A-37D069799598}.Debug|ARM.ActiveCfg = Debug|Any CPU
		{D2C98509-F679-42F4-926A-37D069799598}.Debug|ARM.Build.0 = Debug|Any CPU
		{D2C98509-F679-42F4-926A-37D069799598}.Debug|x64.ActiveCfg = Debug|Any CPU
		{D2C98509-F679-42F4-926A-37D069799598}.Debug|x64.Build.0 = Debug|Any CPU
		{D2C98509-F679-42F4-926A-37D069799598}.Debug|x86.ActiveCfg = Debug|Any CPU
		{D2C98509-F679-42F4-926A-37D069799598}.Debug|x86.Build.0 = Debug|Any CPU
		{D2C98509-F679-42F4-926A-37D069799598}.Release|Any CPU.ActiveCfg = Release|Any CPU
		{D2C98509-F679-42F4-926A-37D069799598}.Release|Any CPU.Build.0 = Release|Any CPU
		{D2C98509-F679-42F4-926A-37D069799598}.Release|ARM.ActiveCfg = Release|Any CPU
		{D2C98509-F679-42F4-926A-37D069799598}.Release|ARM.Build.0 = Release|Any CPU
		{D2C98509-F679-42F4-926A-37D069799598}.Release|x64.ActiveCfg = Release|Any CPU
		{D2C98509-F679-42F4-926A-37D069799598}.Release|x64.Build.0 = Release|Any CPU
		{D2C98509-F679-42F4-926A-37D069799598}.Release|x86.ActiveCfg = Release|Any CPU
		{D2C98509-F679-42F4-926A-37D069799598}.Release|x86.Build.0 = Release|Any CPU
		{8AF59760-0F82-4E1A-A902-6315BC5743B9}.Debug|Any CPU.ActiveCfg = Debug|Any CPU
		{8AF59760-0F82-4E1A-A902-6315BC5743B9}.Debug|Any CPU.Build.0 = Debug|Any CPU
		{8AF59760-0F82-4E1A-A902-6315BC5743B9}.Debug|ARM.ActiveCfg = Debug|Any CPU
		{8AF59760-0F82-4E1A-A902-6315BC5743B9}.Debug|ARM.Build.0 = Debug|Any CPU
		{8AF59760-0F82-4E1A-A902-6315BC5743B9}.Debug|x64.ActiveCfg = Debug|Any CPU
		{8AF59760-0F82-4E1A-A902-6315BC5743B9}.Debug|x64.Build.0 = Debug|Any CPU
		{8AF59760-0F82-4E1A-A902-6315BC5743B9}.Debug|x86.ActiveCfg = Debug|Any CPU
		{8AF59760-0F82-4E1A-A902-6315BC5743B9}.Debug|x86.Build.0 = Debug|Any CPU
		{8AF59760-0F82-4E1A-A902-6315BC5743B9}.Release|Any CPU.ActiveCfg = Release|Any CPU
		{8AF59760-0F82-4E1A-A902-6315BC5743B9}.Release|Any CPU.Build.0 = Release|Any CPU
		{8AF59760-0F82-4E1A-A902-6315BC5743B9}.Release|ARM.ActiveCfg = Release|Any CPU
		{8AF59760-0F82-4E1A-A902-6315BC5743B9}.Release|ARM.Build.0 = Release|Any CPU
		{8AF59760-0F82-4E1A-A902-6315BC5743B9}.Release|x64.ActiveCfg = Release|Any CPU
		{8AF59760-0F82-4E1A-A902-6315BC5743B9}.Release|x64.Build.0 = Release|Any CPU
		{8AF59760-0F82-4E1A-A902-6315BC5743B9}.Release|x86.ActiveCfg = Release|Any CPU
		{8AF59760-0F82-4E1A-A902-6315BC5743B9}.Release|x86.Build.0 = Release|Any CPU
		{F56CB889-1FDB-4439-8D88-B4FDA764FC59}.Debug|Any CPU.ActiveCfg = Debug|Any CPU
		{F56CB889-1FDB-4439-8D88-B4FDA764FC59}.Debug|Any CPU.Build.0 = Debug|Any CPU
		{F56CB889-1FDB-4439-8D88-B4FDA764FC59}.Debug|ARM.ActiveCfg = Debug|Any CPU
		{F56CB889-1FDB-4439-8D88-B4FDA764FC59}.Debug|ARM.Build.0 = Debug|Any CPU
		{F56CB889-1FDB-4439-8D88-B4FDA764FC59}.Debug|x64.ActiveCfg = Debug|Any CPU
		{F56CB889-1FDB-4439-8D88-B4FDA764FC59}.Debug|x64.Build.0 = Debug|Any CPU
		{F56CB889-1FDB-4439-8D88-B4FDA764FC59}.Debug|x86.ActiveCfg = Debug|Any CPU
		{F56CB889-1FDB-4439-8D88-B4FDA764FC59}.Debug|x86.Build.0 = Debug|Any CPU
		{F56CB889-1FDB-4439-8D88-B4FDA764FC59}.Release|Any CPU.ActiveCfg = Release|Any CPU
		{F56CB889-1FDB-4439-8D88-B4FDA764FC59}.Release|Any CPU.Build.0 = Release|Any CPU
		{F56CB889-1FDB-4439-8D88-B4FDA764FC59}.Release|ARM.ActiveCfg = Release|Any CPU
		{F56CB889-1FDB-4439-8D88-B4FDA764FC59}.Release|ARM.Build.0 = Release|Any CPU
		{F56CB889-1FDB-4439-8D88-B4FDA764FC59}.Release|x64.ActiveCfg = Release|Any CPU
		{F56CB889-1FDB-4439-8D88-B4FDA764FC59}.Release|x64.Build.0 = Release|Any CPU
		{F56CB889-1FDB-4439-8D88-B4FDA764FC59}.Release|x86.ActiveCfg = Release|Any CPU
		{F56CB889-1FDB-4439-8D88-B4FDA764FC59}.Release|x86.Build.0 = Release|Any CPU
		{35FBB585-E28B-40F7-AD9A-AEDD7BB3853A}.Debug|Any CPU.ActiveCfg = Debug|Any CPU
		{35FBB585-E28B-40F7-AD9A-AEDD7BB3853A}.Debug|Any CPU.Build.0 = Debug|Any CPU
		{35FBB585-E28B-40F7-AD9A-AEDD7BB3853A}.Debug|ARM.ActiveCfg = Debug|Any CPU
		{35FBB585-E28B-40F7-AD9A-AEDD7BB3853A}.Debug|ARM.Build.0 = Debug|Any CPU
		{35FBB585-E28B-40F7-AD9A-AEDD7BB3853A}.Debug|x64.ActiveCfg = Debug|Any CPU
		{35FBB585-E28B-40F7-AD9A-AEDD7BB3853A}.Debug|x64.Build.0 = Debug|Any CPU
		{35FBB585-E28B-40F7-AD9A-AEDD7BB3853A}.Debug|x86.ActiveCfg = Debug|Any CPU
		{35FBB585-E28B-40F7-AD9A-AEDD7BB3853A}.Debug|x86.Build.0 = Debug|Any CPU
		{35FBB585-E28B-40F7-AD9A-AEDD7BB3853A}.Release|Any CPU.ActiveCfg = Release|Any CPU
		{35FBB585-E28B-40F7-AD9A-AEDD7BB3853A}.Release|Any CPU.Build.0 = Release|Any CPU
		{35FBB585-E28B-40F7-AD9A-AEDD7BB3853A}.Release|ARM.ActiveCfg = Release|Any CPU
		{35FBB585-E28B-40F7-AD9A-AEDD7BB3853A}.Release|ARM.Build.0 = Release|Any CPU
		{35FBB585-E28B-40F7-AD9A-AEDD7BB3853A}.Release|x64.ActiveCfg = Release|Any CPU
		{35FBB585-E28B-40F7-AD9A-AEDD7BB3853A}.Release|x64.Build.0 = Release|Any CPU
		{35FBB585-E28B-40F7-AD9A-AEDD7BB3853A}.Release|x86.ActiveCfg = Release|Any CPU
		{35FBB585-E28B-40F7-AD9A-AEDD7BB3853A}.Release|x86.Build.0 = Release|Any CPU
		{265CB11F-BAAB-4E5F-A639-F907F3DD8C15}.Debug|Any CPU.ActiveCfg = Debug|Any CPU
		{265CB11F-BAAB-4E5F-A639-F907F3DD8C15}.Debug|Any CPU.Build.0 = Debug|Any CPU
		{265CB11F-BAAB-4E5F-A639-F907F3DD8C15}.Debug|ARM.ActiveCfg = Debug|Any CPU
		{265CB11F-BAAB-4E5F-A639-F907F3DD8C15}.Debug|ARM.Build.0 = Debug|Any CPU
		{265CB11F-BAAB-4E5F-A639-F907F3DD8C15}.Debug|x64.ActiveCfg = Debug|Any CPU
		{265CB11F-BAAB-4E5F-A639-F907F3DD8C15}.Debug|x64.Build.0 = Debug|Any CPU
		{265CB11F-BAAB-4E5F-A639-F907F3DD8C15}.Debug|x86.ActiveCfg = Debug|Any CPU
		{265CB11F-BAAB-4E5F-A639-F907F3DD8C15}.Debug|x86.Build.0 = Debug|Any CPU
		{265CB11F-BAAB-4E5F-A639-F907F3DD8C15}.Release|Any CPU.ActiveCfg = Release|Any CPU
		{265CB11F-BAAB-4E5F-A639-F907F3DD8C15}.Release|Any CPU.Build.0 = Release|Any CPU
		{265CB11F-BAAB-4E5F-A639-F907F3DD8C15}.Release|ARM.ActiveCfg = Release|Any CPU
		{265CB11F-BAAB-4E5F-A639-F907F3DD8C15}.Release|ARM.Build.0 = Release|Any CPU
		{265CB11F-BAAB-4E5F-A639-F907F3DD8C15}.Release|x64.ActiveCfg = Release|Any CPU
		{265CB11F-BAAB-4E5F-A639-F907F3DD8C15}.Release|x64.Build.0 = Release|Any CPU
		{265CB11F-BAAB-4E5F-A639-F907F3DD8C15}.Release|x86.ActiveCfg = Release|Any CPU
		{265CB11F-BAAB-4E5F-A639-F907F3DD8C15}.Release|x86.Build.0 = Release|Any CPU
		{2C74A2F4-AD9B-4EAF-992E-4D82B7C59591}.Debug|Any CPU.ActiveCfg = Debug|Any CPU
		{2C74A2F4-AD9B-4EAF-992E-4D82B7C59591}.Debug|Any CPU.Build.0 = Debug|Any CPU
		{2C74A2F4-AD9B-4EAF-992E-4D82B7C59591}.Debug|ARM.ActiveCfg = Debug|Any CPU
		{2C74A2F4-AD9B-4EAF-992E-4D82B7C59591}.Debug|ARM.Build.0 = Debug|Any CPU
		{2C74A2F4-AD9B-4EAF-992E-4D82B7C59591}.Debug|x64.ActiveCfg = Debug|Any CPU
		{2C74A2F4-AD9B-4EAF-992E-4D82B7C59591}.Debug|x64.Build.0 = Debug|Any CPU
		{2C74A2F4-AD9B-4EAF-992E-4D82B7C59591}.Debug|x86.ActiveCfg = Debug|Any CPU
		{2C74A2F4-AD9B-4EAF-992E-4D82B7C59591}.Debug|x86.Build.0 = Debug|Any CPU
		{2C74A2F4-AD9B-4EAF-992E-4D82B7C59591}.Release|Any CPU.ActiveCfg = Release|Any CPU
		{2C74A2F4-AD9B-4EAF-992E-4D82B7C59591}.Release|Any CPU.Build.0 = Release|Any CPU
		{2C74A2F4-AD9B-4EAF-992E-4D82B7C59591}.Release|ARM.ActiveCfg = Release|Any CPU
		{2C74A2F4-AD9B-4EAF-992E-4D82B7C59591}.Release|ARM.Build.0 = Release|Any CPU
		{2C74A2F4-AD9B-4EAF-992E-4D82B7C59591}.Release|x64.ActiveCfg = Release|Any CPU
		{2C74A2F4-AD9B-4EAF-992E-4D82B7C59591}.Release|x64.Build.0 = Release|Any CPU
		{2C74A2F4-AD9B-4EAF-992E-4D82B7C59591}.Release|x86.ActiveCfg = Release|Any CPU
		{2C74A2F4-AD9B-4EAF-992E-4D82B7C59591}.Release|x86.Build.0 = Release|Any CPU
		{B27BAF0F-F054-49D6-89FD-C4CBFD9E3655}.Debug|Any CPU.ActiveCfg = Debug|Any CPU
		{B27BAF0F-F054-49D6-89FD-C4CBFD9E3655}.Debug|Any CPU.Build.0 = Debug|Any CPU
		{B27BAF0F-F054-49D6-89FD-C4CBFD9E3655}.Debug|ARM.ActiveCfg = Debug|Any CPU
		{B27BAF0F-F054-49D6-89FD-C4CBFD9E3655}.Debug|ARM.Build.0 = Debug|Any CPU
		{B27BAF0F-F054-49D6-89FD-C4CBFD9E3655}.Debug|x64.ActiveCfg = Debug|Any CPU
		{B27BAF0F-F054-49D6-89FD-C4CBFD9E3655}.Debug|x64.Build.0 = Debug|Any CPU
		{B27BAF0F-F054-49D6-89FD-C4CBFD9E3655}.Debug|x86.ActiveCfg = Debug|Any CPU
		{B27BAF0F-F054-49D6-89FD-C4CBFD9E3655}.Debug|x86.Build.0 = Debug|Any CPU
		{B27BAF0F-F054-49D6-89FD-C4CBFD9E3655}.Release|Any CPU.ActiveCfg = Release|Any CPU
		{B27BAF0F-F054-49D6-89FD-C4CBFD9E3655}.Release|Any CPU.Build.0 = Release|Any CPU
		{B27BAF0F-F054-49D6-89FD-C4CBFD9E3655}.Release|ARM.ActiveCfg = Release|Any CPU
		{B27BAF0F-F054-49D6-89FD-C4CBFD9E3655}.Release|ARM.Build.0 = Release|Any CPU
		{B27BAF0F-F054-49D6-89FD-C4CBFD9E3655}.Release|x64.ActiveCfg = Release|Any CPU
		{B27BAF0F-F054-49D6-89FD-C4CBFD9E3655}.Release|x64.Build.0 = Release|Any CPU
		{B27BAF0F-F054-49D6-89FD-C4CBFD9E3655}.Release|x86.ActiveCfg = Release|Any CPU
		{B27BAF0F-F054-49D6-89FD-C4CBFD9E3655}.Release|x86.Build.0 = Release|Any CPU
		{44BE06DA-6E7E-4F9D-A372-D1A0CA7615CF}.Debug|Any CPU.ActiveCfg = Debug|Any CPU
		{44BE06DA-6E7E-4F9D-A372-D1A0CA7615CF}.Debug|Any CPU.Build.0 = Debug|Any CPU
		{44BE06DA-6E7E-4F9D-A372-D1A0CA7615CF}.Debug|ARM.ActiveCfg = Debug|Any CPU
		{44BE06DA-6E7E-4F9D-A372-D1A0CA7615CF}.Debug|ARM.Build.0 = Debug|Any CPU
		{44BE06DA-6E7E-4F9D-A372-D1A0CA7615CF}.Debug|x64.ActiveCfg = Debug|Any CPU
		{44BE06DA-6E7E-4F9D-A372-D1A0CA7615CF}.Debug|x64.Build.0 = Debug|Any CPU
		{44BE06DA-6E7E-4F9D-A372-D1A0CA7615CF}.Debug|x86.ActiveCfg = Debug|Any CPU
		{44BE06DA-6E7E-4F9D-A372-D1A0CA7615CF}.Debug|x86.Build.0 = Debug|Any CPU
		{44BE06DA-6E7E-4F9D-A372-D1A0CA7615CF}.Release|Any CPU.ActiveCfg = Release|Any CPU
		{44BE06DA-6E7E-4F9D-A372-D1A0CA7615CF}.Release|Any CPU.Build.0 = Release|Any CPU
		{44BE06DA-6E7E-4F9D-A372-D1A0CA7615CF}.Release|ARM.ActiveCfg = Release|Any CPU
		{44BE06DA-6E7E-4F9D-A372-D1A0CA7615CF}.Release|ARM.Build.0 = Release|Any CPU
		{44BE06DA-6E7E-4F9D-A372-D1A0CA7615CF}.Release|x64.ActiveCfg = Release|Any CPU
		{44BE06DA-6E7E-4F9D-A372-D1A0CA7615CF}.Release|x64.Build.0 = Release|Any CPU
		{44BE06DA-6E7E-4F9D-A372-D1A0CA7615CF}.Release|x86.ActiveCfg = Release|Any CPU
		{44BE06DA-6E7E-4F9D-A372-D1A0CA7615CF}.Release|x86.Build.0 = Release|Any CPU
		{E1894E2C-6C75-4814-A258-B1CBE3749480}.Debug|Any CPU.ActiveCfg = Debug|Any CPU
		{E1894E2C-6C75-4814-A258-B1CBE3749480}.Debug|Any CPU.Build.0 = Debug|Any CPU
		{E1894E2C-6C75-4814-A258-B1CBE3749480}.Debug|ARM.ActiveCfg = Debug|Any CPU
		{E1894E2C-6C75-4814-A258-B1CBE3749480}.Debug|ARM.Build.0 = Debug|Any CPU
		{E1894E2C-6C75-4814-A258-B1CBE3749480}.Debug|x64.ActiveCfg = Debug|Any CPU
		{E1894E2C-6C75-4814-A258-B1CBE3749480}.Debug|x64.Build.0 = Debug|Any CPU
		{E1894E2C-6C75-4814-A258-B1CBE3749480}.Debug|x86.ActiveCfg = Debug|Any CPU
		{E1894E2C-6C75-4814-A258-B1CBE3749480}.Debug|x86.Build.0 = Debug|Any CPU
		{E1894E2C-6C75-4814-A258-B1CBE3749480}.Release|Any CPU.ActiveCfg = Release|Any CPU
		{E1894E2C-6C75-4814-A258-B1CBE3749480}.Release|Any CPU.Build.0 = Release|Any CPU
		{E1894E2C-6C75-4814-A258-B1CBE3749480}.Release|ARM.ActiveCfg = Release|Any CPU
		{E1894E2C-6C75-4814-A258-B1CBE3749480}.Release|ARM.Build.0 = Release|Any CPU
		{E1894E2C-6C75-4814-A258-B1CBE3749480}.Release|x64.ActiveCfg = Release|Any CPU
		{E1894E2C-6C75-4814-A258-B1CBE3749480}.Release|x64.Build.0 = Release|Any CPU
		{E1894E2C-6C75-4814-A258-B1CBE3749480}.Release|x86.ActiveCfg = Release|Any CPU
		{E1894E2C-6C75-4814-A258-B1CBE3749480}.Release|x86.Build.0 = Release|Any CPU
		{6CA5A7FC-5623-4261-842C-424EA412C8BF}.Debug|Any CPU.ActiveCfg = Debug|Any CPU
		{6CA5A7FC-5623-4261-842C-424EA412C8BF}.Debug|Any CPU.Build.0 = Debug|Any CPU
		{6CA5A7FC-5623-4261-842C-424EA412C8BF}.Debug|ARM.ActiveCfg = Debug|Any CPU
		{6CA5A7FC-5623-4261-842C-424EA412C8BF}.Debug|ARM.Build.0 = Debug|Any CPU
		{6CA5A7FC-5623-4261-842C-424EA412C8BF}.Debug|x64.ActiveCfg = Debug|Any CPU
		{6CA5A7FC-5623-4261-842C-424EA412C8BF}.Debug|x64.Build.0 = Debug|Any CPU
		{6CA5A7FC-5623-4261-842C-424EA412C8BF}.Debug|x86.ActiveCfg = Debug|Any CPU
		{6CA5A7FC-5623-4261-842C-424EA412C8BF}.Debug|x86.Build.0 = Debug|Any CPU
		{6CA5A7FC-5623-4261-842C-424EA412C8BF}.Release|Any CPU.ActiveCfg = Release|Any CPU
		{6CA5A7FC-5623-4261-842C-424EA412C8BF}.Release|Any CPU.Build.0 = Release|Any CPU
		{6CA5A7FC-5623-4261-842C-424EA412C8BF}.Release|ARM.ActiveCfg = Release|Any CPU
		{6CA5A7FC-5623-4261-842C-424EA412C8BF}.Release|ARM.Build.0 = Release|Any CPU
		{6CA5A7FC-5623-4261-842C-424EA412C8BF}.Release|x64.ActiveCfg = Release|Any CPU
		{6CA5A7FC-5623-4261-842C-424EA412C8BF}.Release|x64.Build.0 = Release|Any CPU
		{6CA5A7FC-5623-4261-842C-424EA412C8BF}.Release|x86.ActiveCfg = Release|Any CPU
		{6CA5A7FC-5623-4261-842C-424EA412C8BF}.Release|x86.Build.0 = Release|Any CPU
		{5A871E8A-69FF-4338-A42F-30305B18FAE9}.Debug|Any CPU.ActiveCfg = Debug|Any CPU
		{5A871E8A-69FF-4338-A42F-30305B18FAE9}.Debug|Any CPU.Build.0 = Debug|Any CPU
		{5A871E8A-69FF-4338-A42F-30305B18FAE9}.Debug|ARM.ActiveCfg = Debug|Any CPU
		{5A871E8A-69FF-4338-A42F-30305B18FAE9}.Debug|ARM.Build.0 = Debug|Any CPU
		{5A871E8A-69FF-4338-A42F-30305B18FAE9}.Debug|x64.ActiveCfg = Debug|Any CPU
		{5A871E8A-69FF-4338-A42F-30305B18FAE9}.Debug|x64.Build.0 = Debug|Any CPU
		{5A871E8A-69FF-4338-A42F-30305B18FAE9}.Debug|x86.ActiveCfg = Debug|Any CPU
		{5A871E8A-69FF-4338-A42F-30305B18FAE9}.Debug|x86.Build.0 = Debug|Any CPU
		{5A871E8A-69FF-4338-A42F-30305B18FAE9}.Release|Any CPU.ActiveCfg = Release|Any CPU
		{5A871E8A-69FF-4338-A42F-30305B18FAE9}.Release|Any CPU.Build.0 = Release|Any CPU
		{5A871E8A-69FF-4338-A42F-30305B18FAE9}.Release|ARM.ActiveCfg = Release|Any CPU
		{5A871E8A-69FF-4338-A42F-30305B18FAE9}.Release|ARM.Build.0 = Release|Any CPU
		{5A871E8A-69FF-4338-A42F-30305B18FAE9}.Release|x64.ActiveCfg = Release|Any CPU
		{5A871E8A-69FF-4338-A42F-30305B18FAE9}.Release|x64.Build.0 = Release|Any CPU
		{5A871E8A-69FF-4338-A42F-30305B18FAE9}.Release|x86.ActiveCfg = Release|Any CPU
		{5A871E8A-69FF-4338-A42F-30305B18FAE9}.Release|x86.Build.0 = Release|Any CPU
		{CDE8A65C-BE5E-4CD7-B471-FD9A6B9FA36E}.Debug|Any CPU.ActiveCfg = Debug|Any CPU
		{CDE8A65C-BE5E-4CD7-B471-FD9A6B9FA36E}.Debug|Any CPU.Build.0 = Debug|Any CPU
		{CDE8A65C-BE5E-4CD7-B471-FD9A6B9FA36E}.Debug|ARM.ActiveCfg = Debug|Any CPU
		{CDE8A65C-BE5E-4CD7-B471-FD9A6B9FA36E}.Debug|ARM.Build.0 = Debug|Any CPU
		{CDE8A65C-BE5E-4CD7-B471-FD9A6B9FA36E}.Debug|x64.ActiveCfg = Debug|Any CPU
		{CDE8A65C-BE5E-4CD7-B471-FD9A6B9FA36E}.Debug|x64.Build.0 = Debug|Any CPU
		{CDE8A65C-BE5E-4CD7-B471-FD9A6B9FA36E}.Debug|x86.ActiveCfg = Debug|Any CPU
		{CDE8A65C-BE5E-4CD7-B471-FD9A6B9FA36E}.Debug|x86.Build.0 = Debug|Any CPU
		{CDE8A65C-BE5E-4CD7-B471-FD9A6B9FA36E}.Release|Any CPU.ActiveCfg = Release|Any CPU
		{CDE8A65C-BE5E-4CD7-B471-FD9A6B9FA36E}.Release|Any CPU.Build.0 = Release|Any CPU
		{CDE8A65C-BE5E-4CD7-B471-FD9A6B9FA36E}.Release|ARM.ActiveCfg = Release|Any CPU
		{CDE8A65C-BE5E-4CD7-B471-FD9A6B9FA36E}.Release|ARM.Build.0 = Release|Any CPU
		{CDE8A65C-BE5E-4CD7-B471-FD9A6B9FA36E}.Release|x64.ActiveCfg = Release|Any CPU
		{CDE8A65C-BE5E-4CD7-B471-FD9A6B9FA36E}.Release|x64.Build.0 = Release|Any CPU
		{CDE8A65C-BE5E-4CD7-B471-FD9A6B9FA36E}.Release|x86.ActiveCfg = Release|Any CPU
		{CDE8A65C-BE5E-4CD7-B471-FD9A6B9FA36E}.Release|x86.Build.0 = Release|Any CPU
		{8143F188-F7E5-49B3-BA3F-24C9BAEEAFA0}.Debug|Any CPU.ActiveCfg = Debug|Any CPU
		{8143F188-F7E5-49B3-BA3F-24C9BAEEAFA0}.Debug|Any CPU.Build.0 = Debug|Any CPU
		{8143F188-F7E5-49B3-BA3F-24C9BAEEAFA0}.Debug|ARM.ActiveCfg = Debug|Any CPU
		{8143F188-F7E5-49B3-BA3F-24C9BAEEAFA0}.Debug|ARM.Build.0 = Debug|Any CPU
		{8143F188-F7E5-49B3-BA3F-24C9BAEEAFA0}.Debug|x64.ActiveCfg = Debug|Any CPU
		{8143F188-F7E5-49B3-BA3F-24C9BAEEAFA0}.Debug|x64.Build.0 = Debug|Any CPU
		{8143F188-F7E5-49B3-BA3F-24C9BAEEAFA0}.Debug|x86.ActiveCfg = Debug|Any CPU
		{8143F188-F7E5-49B3-BA3F-24C9BAEEAFA0}.Debug|x86.Build.0 = Debug|Any CPU
		{8143F188-F7E5-49B3-BA3F-24C9BAEEAFA0}.Release|Any CPU.ActiveCfg = Release|Any CPU
		{8143F188-F7E5-49B3-BA3F-24C9BAEEAFA0}.Release|Any CPU.Build.0 = Release|Any CPU
		{8143F188-F7E5-49B3-BA3F-24C9BAEEAFA0}.Release|ARM.ActiveCfg = Release|Any CPU
		{8143F188-F7E5-49B3-BA3F-24C9BAEEAFA0}.Release|ARM.Build.0 = Release|Any CPU
		{8143F188-F7E5-49B3-BA3F-24C9BAEEAFA0}.Release|x64.ActiveCfg = Release|Any CPU
		{8143F188-F7E5-49B3-BA3F-24C9BAEEAFA0}.Release|x64.Build.0 = Release|Any CPU
		{8143F188-F7E5-49B3-BA3F-24C9BAEEAFA0}.Release|x86.ActiveCfg = Release|Any CPU
		{8143F188-F7E5-49B3-BA3F-24C9BAEEAFA0}.Release|x86.Build.0 = Release|Any CPU
		{CB43BDB1-2FD8-4180-90B8-E83E4CDBE55A}.Debug|Any CPU.ActiveCfg = Debug|Any CPU
		{CB43BDB1-2FD8-4180-90B8-E83E4CDBE55A}.Debug|Any CPU.Build.0 = Debug|Any CPU
		{CB43BDB1-2FD8-4180-90B8-E83E4CDBE55A}.Debug|ARM.ActiveCfg = Debug|Any CPU
		{CB43BDB1-2FD8-4180-90B8-E83E4CDBE55A}.Debug|ARM.Build.0 = Debug|Any CPU
		{CB43BDB1-2FD8-4180-90B8-E83E4CDBE55A}.Debug|x64.ActiveCfg = Debug|Any CPU
		{CB43BDB1-2FD8-4180-90B8-E83E4CDBE55A}.Debug|x64.Build.0 = Debug|Any CPU
		{CB43BDB1-2FD8-4180-90B8-E83E4CDBE55A}.Debug|x86.ActiveCfg = Debug|Any CPU
		{CB43BDB1-2FD8-4180-90B8-E83E4CDBE55A}.Debug|x86.Build.0 = Debug|Any CPU
		{CB43BDB1-2FD8-4180-90B8-E83E4CDBE55A}.Release|Any CPU.ActiveCfg = Release|Any CPU
		{CB43BDB1-2FD8-4180-90B8-E83E4CDBE55A}.Release|Any CPU.Build.0 = Release|Any CPU
		{CB43BDB1-2FD8-4180-90B8-E83E4CDBE55A}.Release|ARM.ActiveCfg = Release|Any CPU
		{CB43BDB1-2FD8-4180-90B8-E83E4CDBE55A}.Release|ARM.Build.0 = Release|Any CPU
		{CB43BDB1-2FD8-4180-90B8-E83E4CDBE55A}.Release|x64.ActiveCfg = Release|Any CPU
		{CB43BDB1-2FD8-4180-90B8-E83E4CDBE55A}.Release|x64.Build.0 = Release|Any CPU
		{CB43BDB1-2FD8-4180-90B8-E83E4CDBE55A}.Release|x86.ActiveCfg = Release|Any CPU
		{CB43BDB1-2FD8-4180-90B8-E83E4CDBE55A}.Release|x86.Build.0 = Release|Any CPU
	EndGlobalSection
	GlobalSection(SolutionProperties) = preSolution
		HideSolutionNode = FALSE
	EndGlobalSection
	GlobalSection(NestedProjects) = preSolution
		{A0EC04B3-171D-4FA9-9EA8-FA9E8EC2307E} = {FCDDEB4F-3FE7-4E70-93AF-B85813862603}
		{CEC9109F-3A72-48BF-89C5-0D3E31D6DA88} = {FCDDEB4F-3FE7-4E70-93AF-B85813862603}
		{B8F97CE3-C035-4FC7-A316-877610E7ADF4} = {C4EA16C3-F84A-4086-B060-45D427F56A79}
		{D2C98509-F679-42F4-926A-37D069799598} = {209939C7-9B0E-4E47-A603-23B363E1ABAF}
		{8AF59760-0F82-4E1A-A902-6315BC5743B9} = {209939C7-9B0E-4E47-A603-23B363E1ABAF}
		{F56CB889-1FDB-4439-8D88-B4FDA764FC59} = {209939C7-9B0E-4E47-A603-23B363E1ABAF}
		{35FBB585-E28B-40F7-AD9A-AEDD7BB3853A} = {FCDDEB4F-3FE7-4E70-93AF-B85813862603}
		{265CB11F-BAAB-4E5F-A639-F907F3DD8C15} = {C4EA16C3-F84A-4086-B060-45D427F56A79}
		{2C74A2F4-AD9B-4EAF-992E-4D82B7C59591} = {C4EA16C3-F84A-4086-B060-45D427F56A79}
		{B27BAF0F-F054-49D6-89FD-C4CBFD9E3655} = {FCDDEB4F-3FE7-4E70-93AF-B85813862603}
		{44BE06DA-6E7E-4F9D-A372-D1A0CA7615CF} = {84CE3BD5-DF6E-440B-A88C-19AA396A2FDC}
		{E1894E2C-6C75-4814-A258-B1CBE3749480} = {84CE3BD5-DF6E-440B-A88C-19AA396A2FDC}
		{6CA5A7FC-5623-4261-842C-424EA412C8BF} = {84CE3BD5-DF6E-440B-A88C-19AA396A2FDC}
		{5A871E8A-69FF-4338-A42F-30305B18FAE9} = {356D8E26-8DAD-4414-BFF1-F84E3E1D840E}
		{CDE8A65C-BE5E-4CD7-B471-FD9A6B9FA36E} = {84CE3BD5-DF6E-440B-A88C-19AA396A2FDC}
		{8143F188-F7E5-49B3-BA3F-24C9BAEEAFA0} = {84CE3BD5-DF6E-440B-A88C-19AA396A2FDC}
		{CB43BDB1-2FD8-4180-90B8-E83E4CDBE55A} = {356D8E26-8DAD-4414-BFF1-F84E3E1D840E}
	EndGlobalSection
	GlobalSection(ExtensibilityGlobals) = postSolution
		SolutionGuid = {DD70DF74-4FDA-48C1-8C85-D1B0880CFFFE}
	EndGlobalSection
EndGlobal
