
Microsoft Visual Studio Solution File, Format Version 12.00
# Visual Studio Version 17
VisualStudioVersion = 17.8.34330.188
MinimumVisualStudioVersion = 10.0.40219.1
Project("{FAE04EC0-301F-11D3-BF4B-00C04F79EFBC}") = "ScheduleProject.Logic", "ScheduleProject.Logic\ScheduleProject.Logic.csproj", "{538B94D5-2F1E-4B72-94B3-C43ED2DE1E0A}"
EndProject
Project("{FAE04EC0-301F-11D3-BF4B-00C04F79EFBC}") = "ScheduleProject.Test", "ScheduleProject.Test\ScheduleProject.Test.csproj", "{90221A61-37F4-4BDD-833F-90CBA2357D41}"
EndProject
Global
	GlobalSection(SolutionConfigurationPlatforms) = preSolution
		Debug|Any CPU = Debug|Any CPU
		Release|Any CPU = Release|Any CPU
	EndGlobalSection
	GlobalSection(ProjectConfigurationPlatforms) = postSolution
		{538B94D5-2F1E-4B72-94B3-C43ED2DE1E0A}.Debug|Any CPU.ActiveCfg = Debug|Any CPU
		{538B94D5-2F1E-4B72-94B3-C43ED2DE1E0A}.Debug|Any CPU.Build.0 = Debug|Any CPU
		{538B94D5-2F1E-4B72-94B3-C43ED2DE1E0A}.Release|Any CPU.ActiveCfg = Release|Any CPU
		{538B94D5-2F1E-4B72-94B3-C43ED2DE1E0A}.Release|Any CPU.Build.0 = Release|Any CPU
		{90221A61-37F4-4BDD-833F-90CBA2357D41}.Debug|Any CPU.ActiveCfg = Debug|Any CPU
		{90221A61-37F4-4BDD-833F-90CBA2357D41}.Debug|Any CPU.Build.0 = Debug|Any CPU
		{90221A61-37F4-4BDD-833F-90CBA2357D41}.Release|Any CPU.ActiveCfg = Release|Any CPU
		{90221A61-37F4-4BDD-833F-90CBA2357D41}.Release|Any CPU.Build.0 = Release|Any CPU
	EndGlobalSection
	GlobalSection(SolutionProperties) = preSolution
		HideSolutionNode = FALSE
	EndGlobalSection
	GlobalSection(ExtensibilityGlobals) = postSolution
		SolutionGuid = {774FB340-103F-4758-8F16-CDBE6FEFADC7}
	EndGlobalSection
EndGlobal
